// !$*UTF8*$!
{
	archiveVersion = 1;
	classes = {
	};
	objectVersion = 56;
	objects = {

/* Begin PBXBuildFile section */
		E90741702D7DA49800E7599C /* LoginViewController.swift in Sources */ = {isa = PBXBuildFile; fileRef = E907416F2D7DA49800E7599C /* LoginViewController.swift */; };
		E90741722D7DA5D400E7599C /* LoginViewModel.swift in Sources */ = {isa = PBXBuildFile; fileRef = E90741712D7DA5D400E7599C /* LoginViewModel.swift */; };
		E90741742D7DA9A200E7599C /* Extensions.swift in Sources */ = {isa = PBXBuildFile; fileRef = E90741732D7DA9A200E7599C /* Extensions.swift */; };
		E90741762D7DB60700E7599C /* SignUpViewController.swift in Sources */ = {isa = PBXBuildFile; fileRef = E90741752D7DB60700E7599C /* SignUpViewController.swift */; };
		E90741782D7DBCA700E7599C /* Constants.swift in Sources */ = {isa = PBXBuildFile; fileRef = E90741772D7DBCA700E7599C /* Constants.swift */; };
		E907417A2D7DE4FF00E7599C /* SettingsViewController.swift in Sources */ = {isa = PBXBuildFile; fileRef = E90741792D7DE4FF00E7599C /* SettingsViewController.swift */; };
		E90D77DD2D914D4F00C9EBF9 /* OFL.txt in Resources */ = {isa = PBXBuildFile; fileRef = E90D77C92D914D4F00C9EBF9 /* OFL.txt */; };
		E90D77DE2D914D4F00C9EBF9 /* Poppins-Black.ttf in Resources */ = {isa = PBXBuildFile; fileRef = E90D77CA2D914D4F00C9EBF9 /* Poppins-Black.ttf */; };
		E90D77DF2D914D4F00C9EBF9 /* Poppins-BlackItalic.ttf in Resources */ = {isa = PBXBuildFile; fileRef = E90D77CB2D914D4F00C9EBF9 /* Poppins-BlackItalic.ttf */; };
		E90D77E02D914D4F00C9EBF9 /* Poppins-Bold.ttf in Resources */ = {isa = PBXBuildFile; fileRef = E90D77CC2D914D4F00C9EBF9 /* Poppins-Bold.ttf */; };
		E90D77E12D914D4F00C9EBF9 /* Poppins-BoldItalic.ttf in Resources */ = {isa = PBXBuildFile; fileRef = E90D77CD2D914D4F00C9EBF9 /* Poppins-BoldItalic.ttf */; };
		E90D77E22D914D4F00C9EBF9 /* Poppins-ExtraBold.ttf in Resources */ = {isa = PBXBuildFile; fileRef = E90D77CE2D914D4F00C9EBF9 /* Poppins-ExtraBold.ttf */; };
		E90D77E32D914D4F00C9EBF9 /* Poppins-ExtraBoldItalic.ttf in Resources */ = {isa = PBXBuildFile; fileRef = E90D77CF2D914D4F00C9EBF9 /* Poppins-ExtraBoldItalic.ttf */; };
		E90D77E42D914D4F00C9EBF9 /* Poppins-ExtraLight.ttf in Resources */ = {isa = PBXBuildFile; fileRef = E90D77D02D914D4F00C9EBF9 /* Poppins-ExtraLight.ttf */; };
		E90D77E52D914D4F00C9EBF9 /* Poppins-ExtraLightItalic.ttf in Resources */ = {isa = PBXBuildFile; fileRef = E90D77D12D914D4F00C9EBF9 /* Poppins-ExtraLightItalic.ttf */; };
		E90D77E62D914D4F00C9EBF9 /* Poppins-Italic.ttf in Resources */ = {isa = PBXBuildFile; fileRef = E90D77D22D914D4F00C9EBF9 /* Poppins-Italic.ttf */; };
		E90D77E72D914D4F00C9EBF9 /* Poppins-Light.ttf in Resources */ = {isa = PBXBuildFile; fileRef = E90D77D32D914D4F00C9EBF9 /* Poppins-Light.ttf */; };
		E90D77E82D914D4F00C9EBF9 /* Poppins-LightItalic.ttf in Resources */ = {isa = PBXBuildFile; fileRef = E90D77D42D914D4F00C9EBF9 /* Poppins-LightItalic.ttf */; };
		E90D77E92D914D4F00C9EBF9 /* Poppins-Medium.ttf in Resources */ = {isa = PBXBuildFile; fileRef = E90D77D52D914D4F00C9EBF9 /* Poppins-Medium.ttf */; };
		E90D77EA2D914D4F00C9EBF9 /* Poppins-MediumItalic.ttf in Resources */ = {isa = PBXBuildFile; fileRef = E90D77D62D914D4F00C9EBF9 /* Poppins-MediumItalic.ttf */; };
		E90D77EB2D914D4F00C9EBF9 /* Poppins-Regular.ttf in Resources */ = {isa = PBXBuildFile; fileRef = E90D77D72D914D4F00C9EBF9 /* Poppins-Regular.ttf */; };
		E90D77EC2D914D4F00C9EBF9 /* Poppins-SemiBold.ttf in Resources */ = {isa = PBXBuildFile; fileRef = E90D77D82D914D4F00C9EBF9 /* Poppins-SemiBold.ttf */; };
		E90D77ED2D914D4F00C9EBF9 /* Poppins-SemiBoldItalic.ttf in Resources */ = {isa = PBXBuildFile; fileRef = E90D77D92D914D4F00C9EBF9 /* Poppins-SemiBoldItalic.ttf */; };
		E90D77EE2D914D4F00C9EBF9 /* Poppins-Thin.ttf in Resources */ = {isa = PBXBuildFile; fileRef = E90D77DA2D914D4F00C9EBF9 /* Poppins-Thin.ttf */; };
		E90D77EF2D914D4F00C9EBF9 /* Poppins-ThinItalic.ttf in Resources */ = {isa = PBXBuildFile; fileRef = E90D77DB2D914D4F00C9EBF9 /* Poppins-ThinItalic.ttf */; };
		E92681DC2DA9842A00138259 /* ProfileViewController.swift in Sources */ = {isa = PBXBuildFile; fileRef = E92681DB2DA9842A00138259 /* ProfileViewController.swift */; };
		E950A8CD2DD2724700928DEB /* FSCalendar in Frameworks */ = {isa = PBXBuildFile; productRef = E950A8CC2DD2724700928DEB /* FSCalendar */; };
		E950A8CF2DD27DD400928DEB /* StreakCalendarCell.swift in Sources */ = {isa = PBXBuildFile; fileRef = E950A8CE2DD27DD400928DEB /* StreakCalendarCell.swift */; };
		E98B6B5E2D53C807005012AB /* AppDelegate.swift in Sources */ = {isa = PBXBuildFile; fileRef = E98B6B5D2D53C807005012AB /* AppDelegate.swift */; };
		E98B6B602D53C807005012AB /* SceneDelegate.swift in Sources */ = {isa = PBXBuildFile; fileRef = E98B6B5F2D53C807005012AB /* SceneDelegate.swift */; };
		E98B6B622D53C807005012AB /* HomeViewController.swift in Sources */ = {isa = PBXBuildFile; fileRef = E98B6B612D53C807005012AB /* HomeViewController.swift */; };
		E98B6B652D53C807005012AB /* Base in Resources */ = {isa = PBXBuildFile; fileRef = E98B6B642D53C807005012AB /* Base */; };
		E98B6B672D53C809005012AB /* Assets.xcassets in Resources */ = {isa = PBXBuildFile; fileRef = E98B6B662D53C809005012AB /* Assets.xcassets */; };
		E98B6B6A2D53C80A005012AB /* Base in Resources */ = {isa = PBXBuildFile; fileRef = E98B6B692D53C80A005012AB /* Base */; };
		E9BFA9C02D902C980009C90C /* OnboardingPageViewController.swift in Sources */ = {isa = PBXBuildFile; fileRef = E9BFA9BF2D902C980009C90C /* OnboardingPageViewController.swift */; };
		E9CBD3F92DBA642300DF9A09 /* ProfileSearchViewController.swift in Sources */ = {isa = PBXBuildFile; fileRef = E9CBD3F82DBA642300DF9A09 /* ProfileSearchViewController.swift */; };
		E9CF13372D79D48F00560B9C /* SeguePerformable.swift in Sources */ = {isa = PBXBuildFile; fileRef = E9CF13362D79D48F00560B9C /* SeguePerformable.swift */; };
		E9D058242D75F76E0003484C /* HomeViewModel.swift in Sources */ = {isa = PBXBuildFile; fileRef = E9D058232D75F76E0003484C /* HomeViewModel.swift */; };
		E9DC7BCC2DB532AF002BFFF4 /* LeaderboardViewController.swift in Sources */ = {isa = PBXBuildFile; fileRef = E9DC7BCB2DB532AF002BFFF4 /* LeaderboardViewController.swift */; };
		E9DC7BCE2DB537A0002BFFF4 /* BottomSheetViewController.swift in Sources */ = {isa = PBXBuildFile; fileRef = E9DC7BCD2DB537A0002BFFF4 /* BottomSheetViewController.swift */; };
		E9DE97862DB7D1E100832C8B /* NotificationsViewController.swift in Sources */ = {isa = PBXBuildFile; fileRef = E9DE97852DB7D1E100832C8B /* NotificationsViewController.swift */; };
		E9DE97882DB7D2E600832C8B /* NotificationsCollectionViewCell.swift in Sources */ = {isa = PBXBuildFile; fileRef = E9DE97872DB7D2E600832C8B /* NotificationsCollectionViewCell.swift */; };
		E9DE978B2DB7DACA00832C8B /* StatisticsViewController.swift in Sources */ = {isa = PBXBuildFile; fileRef = E9DE978A2DB7DACA00832C8B /* StatisticsViewController.swift */; };
		E9DE978D2DB7E33500832C8B /* BalloonMarker.swift in Sources */ = {isa = PBXBuildFile; fileRef = E9DE978C2DB7E33500832C8B /* BalloonMarker.swift */; };
		E9E2CF682D7F211F007ABC93 /* SettingsCollectionViewCell.swift in Sources */ = {isa = PBXBuildFile; fileRef = E9E2CF672D7F211F007ABC93 /* SettingsCollectionViewCell.swift */; };
		E9E2CF6A2D7F28A6007ABC93 /* SettingsViewModel.swift in Sources */ = {isa = PBXBuildFile; fileRef = E9E2CF692D7F28A6007ABC93 /* SettingsViewModel.swift */; };
		E9E2CF6C2D7F2C48007ABC93 /* SettingsModel.swift in Sources */ = {isa = PBXBuildFile; fileRef = E9E2CF6B2D7F2C48007ABC93 /* SettingsModel.swift */; };
		E9E2CF792D805CD6007ABC93 /* DGCharts in Frameworks */ = {isa = PBXBuildFile; productRef = E9E2CF782D805CD6007ABC93 /* DGCharts */; };
		E9E2CF7B2D805CD6007ABC93 /* DGChartsDynamic in Frameworks */ = {isa = PBXBuildFile; productRef = E9E2CF7A2D805CD6007ABC93 /* DGChartsDynamic */; };
		E9EA79422D94331D00533B85 /* HomePersonCollectionViewCell.swift in Sources */ = {isa = PBXBuildFile; fileRef = E9EA79412D94331D00533B85 /* HomePersonCollectionViewCell.swift */; };
		E9FE03B42DAA932100943E91 /* ViewControllerPreview.swift in Sources */ = {isa = PBXBuildFile; fileRef = E9FE03B32DAA932100943E91 /* ViewControllerPreview.swift */; };
		E9FF40692D93272400FE25F0 /* FillProfileViewController.swift in Sources */ = {isa = PBXBuildFile; fileRef = E9FF40682D93272400FE25F0 /* FillProfileViewController.swift */; };
/* End PBXBuildFile section */

/* Begin PBXFileReference section */
		E907416F2D7DA49800E7599C /* LoginViewController.swift */ = {isa = PBXFileReference; lastKnownFileType = sourcecode.swift; path = LoginViewController.swift; sourceTree = "<group>"; };
		E90741712D7DA5D400E7599C /* LoginViewModel.swift */ = {isa = PBXFileReference; lastKnownFileType = sourcecode.swift; path = LoginViewModel.swift; sourceTree = "<group>"; };
		E90741732D7DA9A200E7599C /* Extensions.swift */ = {isa = PBXFileReference; lastKnownFileType = sourcecode.swift; path = Extensions.swift; sourceTree = "<group>"; };
		E90741752D7DB60700E7599C /* SignUpViewController.swift */ = {isa = PBXFileReference; lastKnownFileType = sourcecode.swift; path = SignUpViewController.swift; sourceTree = "<group>"; };
		E90741772D7DBCA700E7599C /* Constants.swift */ = {isa = PBXFileReference; lastKnownFileType = sourcecode.swift; path = Constants.swift; sourceTree = "<group>"; };
		E90741792D7DE4FF00E7599C /* SettingsViewController.swift */ = {isa = PBXFileReference; lastKnownFileType = sourcecode.swift; path = SettingsViewController.swift; sourceTree = "<group>"; };
		E90D77C92D914D4F00C9EBF9 /* OFL.txt */ = {isa = PBXFileReference; fileEncoding = 4; lastKnownFileType = text; path = OFL.txt; sourceTree = "<group>"; };
		E90D77CA2D914D4F00C9EBF9 /* Poppins-Black.ttf */ = {isa = PBXFileReference; lastKnownFileType = file; path = "Poppins-Black.ttf"; sourceTree = "<group>"; };
		E90D77CB2D914D4F00C9EBF9 /* Poppins-BlackItalic.ttf */ = {isa = PBXFileReference; lastKnownFileType = file; path = "Poppins-BlackItalic.ttf"; sourceTree = "<group>"; };
		E90D77CC2D914D4F00C9EBF9 /* Poppins-Bold.ttf */ = {isa = PBXFileReference; lastKnownFileType = file; path = "Poppins-Bold.ttf"; sourceTree = "<group>"; };
		E90D77CD2D914D4F00C9EBF9 /* Poppins-BoldItalic.ttf */ = {isa = PBXFileReference; lastKnownFileType = file; path = "Poppins-BoldItalic.ttf"; sourceTree = "<group>"; };
		E90D77CE2D914D4F00C9EBF9 /* Poppins-ExtraBold.ttf */ = {isa = PBXFileReference; lastKnownFileType = file; path = "Poppins-ExtraBold.ttf"; sourceTree = "<group>"; };
		E90D77CF2D914D4F00C9EBF9 /* Poppins-ExtraBoldItalic.ttf */ = {isa = PBXFileReference; lastKnownFileType = file; path = "Poppins-ExtraBoldItalic.ttf"; sourceTree = "<group>"; };
		E90D77D02D914D4F00C9EBF9 /* Poppins-ExtraLight.ttf */ = {isa = PBXFileReference; lastKnownFileType = file; path = "Poppins-ExtraLight.ttf"; sourceTree = "<group>"; };
		E90D77D12D914D4F00C9EBF9 /* Poppins-ExtraLightItalic.ttf */ = {isa = PBXFileReference; lastKnownFileType = file; path = "Poppins-ExtraLightItalic.ttf"; sourceTree = "<group>"; };
		E90D77D22D914D4F00C9EBF9 /* Poppins-Italic.ttf */ = {isa = PBXFileReference; lastKnownFileType = file; path = "Poppins-Italic.ttf"; sourceTree = "<group>"; };
		E90D77D32D914D4F00C9EBF9 /* Poppins-Light.ttf */ = {isa = PBXFileReference; lastKnownFileType = file; path = "Poppins-Light.ttf"; sourceTree = "<group>"; };
		E90D77D42D914D4F00C9EBF9 /* Poppins-LightItalic.ttf */ = {isa = PBXFileReference; lastKnownFileType = file; path = "Poppins-LightItalic.ttf"; sourceTree = "<group>"; };
		E90D77D52D914D4F00C9EBF9 /* Poppins-Medium.ttf */ = {isa = PBXFileReference; lastKnownFileType = file; path = "Poppins-Medium.ttf"; sourceTree = "<group>"; };
		E90D77D62D914D4F00C9EBF9 /* Poppins-MediumItalic.ttf */ = {isa = PBXFileReference; lastKnownFileType = file; path = "Poppins-MediumItalic.ttf"; sourceTree = "<group>"; };
		E90D77D72D914D4F00C9EBF9 /* Poppins-Regular.ttf */ = {isa = PBXFileReference; lastKnownFileType = file; path = "Poppins-Regular.ttf"; sourceTree = "<group>"; };
		E90D77D82D914D4F00C9EBF9 /* Poppins-SemiBold.ttf */ = {isa = PBXFileReference; lastKnownFileType = file; path = "Poppins-SemiBold.ttf"; sourceTree = "<group>"; };
		E90D77D92D914D4F00C9EBF9 /* Poppins-SemiBoldItalic.ttf */ = {isa = PBXFileReference; lastKnownFileType = file; path = "Poppins-SemiBoldItalic.ttf"; sourceTree = "<group>"; };
		E90D77DA2D914D4F00C9EBF9 /* Poppins-Thin.ttf */ = {isa = PBXFileReference; lastKnownFileType = file; path = "Poppins-Thin.ttf"; sourceTree = "<group>"; };
		E90D77DB2D914D4F00C9EBF9 /* Poppins-ThinItalic.ttf */ = {isa = PBXFileReference; lastKnownFileType = file; path = "Poppins-ThinItalic.ttf"; sourceTree = "<group>"; };
		E92681DB2DA9842A00138259 /* ProfileViewController.swift */ = {isa = PBXFileReference; lastKnownFileType = sourcecode.swift; path = ProfileViewController.swift; sourceTree = "<group>"; };
		E950A8CE2DD27DD400928DEB /* StreakCalendarCell.swift */ = {isa = PBXFileReference; lastKnownFileType = sourcecode.swift; path = StreakCalendarCell.swift; sourceTree = "<group>"; };
		E98B6B5A2D53C807005012AB /* Test.app */ = {isa = PBXFileReference; explicitFileType = wrapper.application; includeInIndex = 0; path = Test.app; sourceTree = BUILT_PRODUCTS_DIR; };
		E98B6B5D2D53C807005012AB /* AppDelegate.swift */ = {isa = PBXFileReference; lastKnownFileType = sourcecode.swift; path = AppDelegate.swift; sourceTree = "<group>"; };
		E98B6B5F2D53C807005012AB /* SceneDelegate.swift */ = {isa = PBXFileReference; lastKnownFileType = sourcecode.swift; path = SceneDelegate.swift; sourceTree = "<group>"; };
		E98B6B612D53C807005012AB /* HomeViewController.swift */ = {isa = PBXFileReference; lastKnownFileType = sourcecode.swift; path = HomeViewController.swift; sourceTree = "<group>"; };
		E98B6B642D53C807005012AB /* Base */ = {isa = PBXFileReference; lastKnownFileType = file.storyboard; name = Base; path = Base.lproj/Main.storyboard; sourceTree = "<group>"; };
		E98B6B662D53C809005012AB /* Assets.xcassets */ = {isa = PBXFileReference; lastKnownFileType = folder.assetcatalog; path = Assets.xcassets; sourceTree = "<group>"; };
		E98B6B692D53C80A005012AB /* Base */ = {isa = PBXFileReference; lastKnownFileType = file.storyboard; name = Base; path = Base.lproj/LaunchScreen.storyboard; sourceTree = "<group>"; };
		E98B6B6B2D53C80A005012AB /* Info.plist */ = {isa = PBXFileReference; lastKnownFileType = text.plist.xml; path = Info.plist; sourceTree = "<group>"; };
		E9BFA9BF2D902C980009C90C /* OnboardingPageViewController.swift */ = {isa = PBXFileReference; lastKnownFileType = sourcecode.swift; path = OnboardingPageViewController.swift; sourceTree = "<group>"; };
		E9CBD3F82DBA642300DF9A09 /* ProfileSearchViewController.swift */ = {isa = PBXFileReference; lastKnownFileType = sourcecode.swift; path = ProfileSearchViewController.swift; sourceTree = "<group>"; };
		E9CF13362D79D48F00560B9C /* SeguePerformable.swift */ = {isa = PBXFileReference; lastKnownFileType = sourcecode.swift; path = SeguePerformable.swift; sourceTree = "<group>"; };
		E9D058232D75F76E0003484C /* HomeViewModel.swift */ = {isa = PBXFileReference; lastKnownFileType = sourcecode.swift; path = HomeViewModel.swift; sourceTree = "<group>"; };
		E9DC7BCB2DB532AF002BFFF4 /* LeaderboardViewController.swift */ = {isa = PBXFileReference; lastKnownFileType = sourcecode.swift; path = LeaderboardViewController.swift; sourceTree = "<group>"; };
		E9DC7BCD2DB537A0002BFFF4 /* BottomSheetViewController.swift */ = {isa = PBXFileReference; lastKnownFileType = sourcecode.swift; path = BottomSheetViewController.swift; sourceTree = "<group>"; };
		E9DE97852DB7D1E100832C8B /* NotificationsViewController.swift */ = {isa = PBXFileReference; lastKnownFileType = sourcecode.swift; path = NotificationsViewController.swift; sourceTree = "<group>"; };
		E9DE97872DB7D2E600832C8B /* NotificationsCollectionViewCell.swift */ = {isa = PBXFileReference; lastKnownFileType = sourcecode.swift; path = NotificationsCollectionViewCell.swift; sourceTree = "<group>"; };
		E9DE978A2DB7DACA00832C8B /* StatisticsViewController.swift */ = {isa = PBXFileReference; lastKnownFileType = sourcecode.swift; path = StatisticsViewController.swift; sourceTree = "<group>"; };
		E9DE978C2DB7E33500832C8B /* BalloonMarker.swift */ = {isa = PBXFileReference; lastKnownFileType = sourcecode.swift; path = BalloonMarker.swift; sourceTree = "<group>"; };
		E9E2CF672D7F211F007ABC93 /* SettingsCollectionViewCell.swift */ = {isa = PBXFileReference; lastKnownFileType = sourcecode.swift; path = SettingsCollectionViewCell.swift; sourceTree = "<group>"; };
		E9E2CF692D7F28A6007ABC93 /* SettingsViewModel.swift */ = {isa = PBXFileReference; lastKnownFileType = sourcecode.swift; path = SettingsViewModel.swift; sourceTree = "<group>"; };
		E9E2CF6B2D7F2C48007ABC93 /* SettingsModel.swift */ = {isa = PBXFileReference; lastKnownFileType = sourcecode.swift; path = SettingsModel.swift; sourceTree = "<group>"; };
		E9EA79412D94331D00533B85 /* HomePersonCollectionViewCell.swift */ = {isa = PBXFileReference; lastKnownFileType = sourcecode.swift; path = HomePersonCollectionViewCell.swift; sourceTree = "<group>"; };
		E9FE03B32DAA932100943E91 /* ViewControllerPreview.swift */ = {isa = PBXFileReference; lastKnownFileType = sourcecode.swift; path = ViewControllerPreview.swift; sourceTree = "<group>"; };
		E9FF40682D93272400FE25F0 /* FillProfileViewController.swift */ = {isa = PBXFileReference; lastKnownFileType = sourcecode.swift; path = FillProfileViewController.swift; sourceTree = "<group>"; };
/* End PBXFileReference section */

/* Begin PBXFrameworksBuildPhase section */
		E98B6B572D53C807005012AB /* Frameworks */ = {
			isa = PBXFrameworksBuildPhase;
			buildActionMask = 2147483647;
			files = (
				E9E2CF7B2D805CD6007ABC93 /* DGChartsDynamic in Frameworks */,
				E950A8CD2DD2724700928DEB /* FSCalendar in Frameworks */,
				E9E2CF792D805CD6007ABC93 /* DGCharts in Frameworks */,
			);
			runOnlyForDeploymentPostprocessing = 0;
		};
/* End PBXFrameworksBuildPhase section */

/* Begin PBXGroup section */
		E90D77DC2D914D4F00C9EBF9 /* Poppins */ = {
			isa = PBXGroup;
			children = (
				E90D77C92D914D4F00C9EBF9 /* OFL.txt */,
				E90D77CA2D914D4F00C9EBF9 /* Poppins-Black.ttf */,
				E90D77CB2D914D4F00C9EBF9 /* Poppins-BlackItalic.ttf */,
				E90D77CC2D914D4F00C9EBF9 /* Poppins-Bold.ttf */,
				E90D77CD2D914D4F00C9EBF9 /* Poppins-BoldItalic.ttf */,
				E90D77CE2D914D4F00C9EBF9 /* Poppins-ExtraBold.ttf */,
				E90D77CF2D914D4F00C9EBF9 /* Poppins-ExtraBoldItalic.ttf */,
				E90D77D02D914D4F00C9EBF9 /* Poppins-ExtraLight.ttf */,
				E90D77D12D914D4F00C9EBF9 /* Poppins-ExtraLightItalic.ttf */,
				E90D77D22D914D4F00C9EBF9 /* Poppins-Italic.ttf */,
				E90D77D32D914D4F00C9EBF9 /* Poppins-Light.ttf */,
				E90D77D42D914D4F00C9EBF9 /* Poppins-LightItalic.ttf */,
				E90D77D52D914D4F00C9EBF9 /* Poppins-Medium.ttf */,
				E90D77D62D914D4F00C9EBF9 /* Poppins-MediumItalic.ttf */,
				E90D77D72D914D4F00C9EBF9 /* Poppins-Regular.ttf */,
				E90D77D82D914D4F00C9EBF9 /* Poppins-SemiBold.ttf */,
				E90D77D92D914D4F00C9EBF9 /* Poppins-SemiBoldItalic.ttf */,
				E90D77DA2D914D4F00C9EBF9 /* Poppins-Thin.ttf */,
				E90D77DB2D914D4F00C9EBF9 /* Poppins-ThinItalic.ttf */,
			);
			path = Poppins;
			sourceTree = "<group>";
		};
		E90D77F02D918A3000C9EBF9 /* FillProfile */ = {
			isa = PBXGroup;
			children = (
				E9FF40682D93272400FE25F0 /* FillProfileViewController.swift */,
			);
			path = FillProfile;
			sourceTree = "<group>";
		};
		E92681DD2DA9842E00138259 /* Profile */ = {
			isa = PBXGroup;
			children = (
				E92681DB2DA9842A00138259 /* ProfileViewController.swift */,
				E950A8CE2DD27DD400928DEB /* StreakCalendarCell.swift */,
			);
			path = Profile;
			sourceTree = "<group>";
		};
		E98B6B512D53C807005012AB = {
			isa = PBXGroup;
			children = (
				E98B6B5C2D53C807005012AB /* Test */,
				E98B6B5B2D53C807005012AB /* Products */,
			);
			sourceTree = "<group>";
		};
		E98B6B5B2D53C807005012AB /* Products */ = {
			isa = PBXGroup;
			children = (
				E98B6B5A2D53C807005012AB /* Test.app */,
			);
			name = Products;
			sourceTree = "<group>";
		};
		E98B6B5C2D53C807005012AB /* Test */ = {
			isa = PBXGroup;
			children = (
				E9CBD3F72DBA641200DF9A09 /* Search */,
				E9DE97892DB7DAB000832C8B /* Statistics */,
				E9DE97842DB7D1CF00832C8B /* Notifications */,
				E9DC7BCA2DB53282002BFFF4 /* Leaderboard */,
				E98B6B5D2D53C807005012AB /* AppDelegate.swift */,
				E98B6B5F2D53C807005012AB /* SceneDelegate.swift */,
				E90D77F02D918A3000C9EBF9 /* FillProfile */,
				E9E2CF722D7F34EA007ABC93 /* Common */,
				E9E2CF712D7F348E007ABC93 /* SignUp */,
				E9E2CF702D7F3485007ABC93 /* Login */,
				E9E2CF6F2D7F3477007ABC93 /* Settings */,
				E9E2CF6D2D7F3460007ABC93 /* Home */,
				E92681DD2DA9842E00138259 /* Profile */,
				E98B6B632D53C807005012AB /* Main.storyboard */,
				E98B6B662D53C809005012AB /* Assets.xcassets */,
				E98B6B682D53C80A005012AB /* LaunchScreen.storyboard */,
				E98B6B6B2D53C80A005012AB /* Info.plist */,
				E9BFA9BF2D902C980009C90C /* OnboardingPageViewController.swift */,
			);
			path = Test;
			sourceTree = "<group>";
		};
		E9CBD3F72DBA641200DF9A09 /* Search */ = {
			isa = PBXGroup;
			children = (
				E9CBD3F82DBA642300DF9A09 /* ProfileSearchViewController.swift */,
			);
			path = Search;
			sourceTree = "<group>";
		};
		E9DC7BCA2DB53282002BFFF4 /* Leaderboard */ = {
			isa = PBXGroup;
			children = (
				E9DC7BCB2DB532AF002BFFF4 /* LeaderboardViewController.swift */,
				E9DC7BCD2DB537A0002BFFF4 /* BottomSheetViewController.swift */,
			);
			path = Leaderboard;
			sourceTree = "<group>";
		};
		E9DE97842DB7D1CF00832C8B /* Notifications */ = {
			isa = PBXGroup;
			children = (
				E9DE97852DB7D1E100832C8B /* NotificationsViewController.swift */,
				E9DE97872DB7D2E600832C8B /* NotificationsCollectionViewCell.swift */,
			);
			path = Notifications;
			sourceTree = "<group>";
		};
		E9DE97892DB7DAB000832C8B /* Statistics */ = {
			isa = PBXGroup;
			children = (
				E9DE978A2DB7DACA00832C8B /* StatisticsViewController.swift */,
				E9DE978C2DB7E33500832C8B /* BalloonMarker.swift */,
			);
			path = Statistics;
			sourceTree = "<group>";
		};
		E9E2CF6D2D7F3460007ABC93 /* Home */ = {
			isa = PBXGroup;
			children = (
				E9D058232D75F76E0003484C /* HomeViewModel.swift */,
				E98B6B612D53C807005012AB /* HomeViewController.swift */,
				E9EA79412D94331D00533B85 /* HomePersonCollectionViewCell.swift */,
			);
			path = Home;
			sourceTree = "<group>";
		};
		E9E2CF6F2D7F3477007ABC93 /* Settings */ = {
			isa = PBXGroup;
			children = (
				E90741792D7DE4FF00E7599C /* SettingsViewController.swift */,
				E9E2CF672D7F211F007ABC93 /* SettingsCollectionViewCell.swift */,
				E9E2CF692D7F28A6007ABC93 /* SettingsViewModel.swift */,
				E9E2CF6B2D7F2C48007ABC93 /* SettingsModel.swift */,
			);
			path = Settings;
			sourceTree = "<group>";
		};
		E9E2CF702D7F3485007ABC93 /* Login */ = {
			isa = PBXGroup;
			children = (
				E907416F2D7DA49800E7599C /* LoginViewController.swift */,
				E90741712D7DA5D400E7599C /* LoginViewModel.swift */,
			);
			path = Login;
			sourceTree = "<group>";
		};
		E9E2CF712D7F348E007ABC93 /* SignUp */ = {
			isa = PBXGroup;
			children = (
				E90741752D7DB60700E7599C /* SignUpViewController.swift */,
			);
			path = SignUp;
			sourceTree = "<group>";
		};
		E9E2CF722D7F34EA007ABC93 /* Common */ = {
			isa = PBXGroup;
			children = (
				E90D77DC2D914D4F00C9EBF9 /* Poppins */,
				E90741772D7DBCA700E7599C /* Constants.swift */,
				E90741732D7DA9A200E7599C /* Extensions.swift */,
				E9CF13362D79D48F00560B9C /* SeguePerformable.swift */,
				E9FE03B32DAA932100943E91 /* ViewControllerPreview.swift */,
			);
			path = Common;
			sourceTree = "<group>";
		};
/* End PBXGroup section */

/* Begin PBXNativeTarget section */
		E98B6B592D53C807005012AB /* Test */ = {
			isa = PBXNativeTarget;
			buildConfigurationList = E98B6B6E2D53C80A005012AB /* Build configuration list for PBXNativeTarget "Test" */;
			buildPhases = (
				E98B6B562D53C807005012AB /* Sources */,
				E98B6B572D53C807005012AB /* Frameworks */,
				E98B6B582D53C807005012AB /* Resources */,
			);
			buildRules = (
			);
			dependencies = (
			);
			name = Test;
			packageProductDependencies = (
				E9E2CF782D805CD6007ABC93 /* DGCharts */,
				E9E2CF7A2D805CD6007ABC93 /* DGChartsDynamic */,
				E950A8CC2DD2724700928DEB /* FSCalendar */,
			);
			productName = Test;
			productReference = E98B6B5A2D53C807005012AB /* Test.app */;
			productType = "com.apple.product-type.application";
		};
/* End PBXNativeTarget section */

/* Begin PBXProject section */
		E98B6B522D53C807005012AB /* Project object */ = {
			isa = PBXProject;
			attributes = {
				BuildIndependentTargetsInParallel = 1;
				LastSwiftUpdateCheck = 1530;
				LastUpgradeCheck = 1530;
				TargetAttributes = {
					E98B6B592D53C807005012AB = {
						CreatedOnToolsVersion = 15.3;
					};
				};
			};
			buildConfigurationList = E98B6B552D53C807005012AB /* Build configuration list for PBXProject "Test" */;
			compatibilityVersion = "Xcode 14.0";
			developmentRegion = en;
			hasScannedForEncodings = 0;
			knownRegions = (
				en,
				Base,
			);
			mainGroup = E98B6B512D53C807005012AB;
			packageReferences = (
				E9E2CF772D805CD6007ABC93 /* XCRemoteSwiftPackageReference "Charts" */,
				E950A8CB2DD2724700928DEB /* XCRemoteSwiftPackageReference "FSCalendar" */,
			);
			productRefGroup = E98B6B5B2D53C807005012AB /* Products */;
			projectDirPath = "";
			projectRoot = "";
			targets = (
				E98B6B592D53C807005012AB /* Test */,
			);
		};
/* End PBXProject section */

/* Begin PBXResourcesBuildPhase section */
		E98B6B582D53C807005012AB /* Resources */ = {
			isa = PBXResourcesBuildPhase;
			buildActionMask = 2147483647;
			files = (
				E90D77E52D914D4F00C9EBF9 /* Poppins-ExtraLightItalic.ttf in Resources */,
				E90D77E82D914D4F00C9EBF9 /* Poppins-LightItalic.ttf in Resources */,
				E98B6B672D53C809005012AB /* Assets.xcassets in Resources */,
				E90D77EF2D914D4F00C9EBF9 /* Poppins-ThinItalic.ttf in Resources */,
				E90D77EB2D914D4F00C9EBF9 /* Poppins-Regular.ttf in Resources */,
				E90D77E22D914D4F00C9EBF9 /* Poppins-ExtraBold.ttf in Resources */,
				E90D77ED2D914D4F00C9EBF9 /* Poppins-SemiBoldItalic.ttf in Resources */,
				E90D77EC2D914D4F00C9EBF9 /* Poppins-SemiBold.ttf in Resources */,
				E98B6B6A2D53C80A005012AB /* Base in Resources */,
				E90D77E92D914D4F00C9EBF9 /* Poppins-Medium.ttf in Resources */,
				E90D77E02D914D4F00C9EBF9 /* Poppins-Bold.ttf in Resources */,
				E90D77E32D914D4F00C9EBF9 /* Poppins-ExtraBoldItalic.ttf in Resources */,
				E90D77DD2D914D4F00C9EBF9 /* OFL.txt in Resources */,
				E90D77E72D914D4F00C9EBF9 /* Poppins-Light.ttf in Resources */,
				E90D77E62D914D4F00C9EBF9 /* Poppins-Italic.ttf in Resources */,
				E90D77EA2D914D4F00C9EBF9 /* Poppins-MediumItalic.ttf in Resources */,
				E90D77EE2D914D4F00C9EBF9 /* Poppins-Thin.ttf in Resources */,
				E98B6B652D53C807005012AB /* Base in Resources */,
				E90D77E42D914D4F00C9EBF9 /* Poppins-ExtraLight.ttf in Resources */,
				E90D77DF2D914D4F00C9EBF9 /* Poppins-BlackItalic.ttf in Resources */,
				E90D77DE2D914D4F00C9EBF9 /* Poppins-Black.ttf in Resources */,
				E90D77E12D914D4F00C9EBF9 /* Poppins-BoldItalic.ttf in Resources */,
			);
			runOnlyForDeploymentPostprocessing = 0;
		};
/* End PBXResourcesBuildPhase section */

/* Begin PBXSourcesBuildPhase section */
		E98B6B562D53C807005012AB /* Sources */ = {
			isa = PBXSourcesBuildPhase;
			buildActionMask = 2147483647;
			files = (
				E90741702D7DA49800E7599C /* LoginViewController.swift in Sources */,
				E90741782D7DBCA700E7599C /* Constants.swift in Sources */,
				E92681DC2DA9842A00138259 /* ProfileViewController.swift in Sources */,
				E98B6B622D53C807005012AB /* HomeViewController.swift in Sources */,
				E9CF13372D79D48F00560B9C /* SeguePerformable.swift in Sources */,
				E9DE97862DB7D1E100832C8B /* NotificationsViewController.swift in Sources */,
				E9DC7BCE2DB537A0002BFFF4 /* BottomSheetViewController.swift in Sources */,
				E9E2CF682D7F211F007ABC93 /* SettingsCollectionViewCell.swift in Sources */,
				E950A8CF2DD27DD400928DEB /* StreakCalendarCell.swift in Sources */,
				E9BFA9C02D902C980009C90C /* OnboardingPageViewController.swift in Sources */,
				E9DE97882DB7D2E600832C8B /* NotificationsCollectionViewCell.swift in Sources */,
				E98B6B5E2D53C807005012AB /* AppDelegate.swift in Sources */,
				E90741762D7DB60700E7599C /* SignUpViewController.swift in Sources */,
				E90741722D7DA5D400E7599C /* LoginViewModel.swift in Sources */,
				E9DE978B2DB7DACA00832C8B /* StatisticsViewController.swift in Sources */,
				E9FF40692D93272400FE25F0 /* FillProfileViewController.swift in Sources */,
				E98B6B602D53C807005012AB /* SceneDelegate.swift in Sources */,
				E90741742D7DA9A200E7599C /* Extensions.swift in Sources */,
				E9EA79422D94331D00533B85 /* HomePersonCollectionViewCell.swift in Sources */,
				E9FE03B42DAA932100943E91 /* ViewControllerPreview.swift in Sources */,
				E9D058242D75F76E0003484C /* HomeViewModel.swift in Sources */,
				E9CBD3F92DBA642300DF9A09 /* ProfileSearchViewController.swift in Sources */,
				E907417A2D7DE4FF00E7599C /* SettingsViewController.swift in Sources */,
				E9E2CF6C2D7F2C48007ABC93 /* SettingsModel.swift in Sources */,
				E9DC7BCC2DB532AF002BFFF4 /* LeaderboardViewController.swift in Sources */,
				E9E2CF6A2D7F28A6007ABC93 /* SettingsViewModel.swift in Sources */,
				E9DE978D2DB7E33500832C8B /* BalloonMarker.swift in Sources */,
			);
			runOnlyForDeploymentPostprocessing = 0;
		};
/* End PBXSourcesBuildPhase section */

/* Begin PBXVariantGroup section */
		E98B6B632D53C807005012AB /* Main.storyboard */ = {
			isa = PBXVariantGroup;
			children = (
				E98B6B642D53C807005012AB /* Base */,
			);
			name = Main.storyboard;
			sourceTree = "<group>";
		};
		E98B6B682D53C80A005012AB /* LaunchScreen.storyboard */ = {
			isa = PBXVariantGroup;
			children = (
				E98B6B692D53C80A005012AB /* Base */,
			);
			name = LaunchScreen.storyboard;
			sourceTree = "<group>";
		};
/* End PBXVariantGroup section */

/* Begin XCBuildConfiguration section */
		E98B6B6C2D53C80A005012AB /* Debug */ = {
			isa = XCBuildConfiguration;
			buildSettings = {
				ALWAYS_SEARCH_USER_PATHS = NO;
				ASSETCATALOG_COMPILER_GENERATE_SWIFT_ASSET_SYMBOL_EXTENSIONS = YES;
				CLANG_ANALYZER_NONNULL = YES;
				CLANG_ANALYZER_NUMBER_OBJECT_CONVERSION = YES_AGGRESSIVE;
				CLANG_CXX_LANGUAGE_STANDARD = "gnu++20";
				CLANG_ENABLE_MODULES = YES;
				CLANG_ENABLE_OBJC_ARC = YES;
				CLANG_ENABLE_OBJC_WEAK = YES;
				CLANG_WARN_BLOCK_CAPTURE_AUTORELEASING = YES;
				CLANG_WARN_BOOL_CONVERSION = YES;
				CLANG_WARN_COMMA = YES;
				CLANG_WARN_CONSTANT_CONVERSION = YES;
				CLANG_WARN_DEPRECATED_OBJC_IMPLEMENTATIONS = YES;
				CLANG_WARN_DIRECT_OBJC_ISA_USAGE = YES_ERROR;
				CLANG_WARN_DOCUMENTATION_COMMENTS = YES;
				CLANG_WARN_EMPTY_BODY = YES;
				CLANG_WARN_ENUM_CONVERSION = YES;
				CLANG_WARN_INFINITE_RECURSION = YES;
				CLANG_WARN_INT_CONVERSION = YES;
				CLANG_WARN_NON_LITERAL_NULL_CONVERSION = YES;
				CLANG_WARN_OBJC_IMPLICIT_RETAIN_SELF = YES;
				CLANG_WARN_OBJC_LITERAL_CONVERSION = YES;
				CLANG_WARN_OBJC_ROOT_CLASS = YES_ERROR;
				CLANG_WARN_QUOTED_INCLUDE_IN_FRAMEWORK_HEADER = YES;
				CLANG_WARN_RANGE_LOOP_ANALYSIS = YES;
				CLANG_WARN_STRICT_PROTOTYPES = YES;
				CLANG_WARN_SUSPICIOUS_MOVE = YES;
				CLANG_WARN_UNGUARDED_AVAILABILITY = YES_AGGRESSIVE;
				CLANG_WARN_UNREACHABLE_CODE = YES;
				CLANG_WARN__DUPLICATE_METHOD_MATCH = YES;
				COPY_PHASE_STRIP = NO;
				DEBUG_INFORMATION_FORMAT = dwarf;
				ENABLE_STRICT_OBJC_MSGSEND = YES;
				ENABLE_TESTABILITY = YES;
				ENABLE_USER_SCRIPT_SANDBOXING = YES;
				GCC_C_LANGUAGE_STANDARD = gnu17;
				GCC_DYNAMIC_NO_PIC = NO;
				GCC_NO_COMMON_BLOCKS = YES;
				GCC_OPTIMIZATION_LEVEL = 0;
				GCC_PREPROCESSOR_DEFINITIONS = (
					"DEBUG=1",
					"$(inherited)",
				);
				GCC_WARN_64_TO_32_BIT_CONVERSION = YES;
				GCC_WARN_ABOUT_RETURN_TYPE = YES_ERROR;
				GCC_WARN_UNDECLARED_SELECTOR = YES;
				GCC_WARN_UNINITIALIZED_AUTOS = YES_AGGRESSIVE;
				GCC_WARN_UNUSED_FUNCTION = YES;
				GCC_WARN_UNUSED_VARIABLE = YES;
				IPHONEOS_DEPLOYMENT_TARGET = 17.4;
				LOCALIZATION_PREFERS_STRING_CATALOGS = YES;
				MTL_ENABLE_DEBUG_INFO = INCLUDE_SOURCE;
				MTL_FAST_MATH = YES;
				ONLY_ACTIVE_ARCH = YES;
				SDKROOT = iphoneos;
				SWIFT_ACTIVE_COMPILATION_CONDITIONS = "DEBUG $(inherited)";
				SWIFT_OPTIMIZATION_LEVEL = "-Onone";
			};
			name = Debug;
		};
		E98B6B6D2D53C80A005012AB /* Release */ = {
			isa = XCBuildConfiguration;
			buildSettings = {
				ALWAYS_SEARCH_USER_PATHS = NO;
				ASSETCATALOG_COMPILER_GENERATE_SWIFT_ASSET_SYMBOL_EXTENSIONS = YES;
				CLANG_ANALYZER_NONNULL = YES;
				CLANG_ANALYZER_NUMBER_OBJECT_CONVERSION = YES_AGGRESSIVE;
				CLANG_CXX_LANGUAGE_STANDARD = "gnu++20";
				CLANG_ENABLE_MODULES = YES;
				CLANG_ENABLE_OBJC_ARC = YES;
				CLANG_ENABLE_OBJC_WEAK = YES;
				CLANG_WARN_BLOCK_CAPTURE_AUTORELEASING = YES;
				CLANG_WARN_BOOL_CONVERSION = YES;
				CLANG_WARN_COMMA = YES;
				CLANG_WARN_CONSTANT_CONVERSION = YES;
				CLANG_WARN_DEPRECATED_OBJC_IMPLEMENTATIONS = YES;
				CLANG_WARN_DIRECT_OBJC_ISA_USAGE = YES_ERROR;
				CLANG_WARN_DOCUMENTATION_COMMENTS = YES;
				CLANG_WARN_EMPTY_BODY = YES;
				CLANG_WARN_ENUM_CONVERSION = YES;
				CLANG_WARN_INFINITE_RECURSION = YES;
				CLANG_WARN_INT_CONVERSION = YES;
				CLANG_WARN_NON_LITERAL_NULL_CONVERSION = YES;
				CLANG_WARN_OBJC_IMPLICIT_RETAIN_SELF = YES;
				CLANG_WARN_OBJC_LITERAL_CONVERSION = YES;
				CLANG_WARN_OBJC_ROOT_CLASS = YES_ERROR;
				CLANG_WARN_QUOTED_INCLUDE_IN_FRAMEWORK_HEADER = YES;
				CLANG_WARN_RANGE_LOOP_ANALYSIS = YES;
				CLANG_WARN_STRICT_PROTOTYPES = YES;
				CLANG_WARN_SUSPICIOUS_MOVE = YES;
				CLANG_WARN_UNGUARDED_AVAILABILITY = YES_AGGRESSIVE;
				CLANG_WARN_UNREACHABLE_CODE = YES;
				CLANG_WARN__DUPLICATE_METHOD_MATCH = YES;
				COPY_PHASE_STRIP = NO;
				DEBUG_INFORMATION_FORMAT = "dwarf-with-dsym";
				ENABLE_NS_ASSERTIONS = NO;
				ENABLE_STRICT_OBJC_MSGSEND = YES;
				ENABLE_USER_SCRIPT_SANDBOXING = YES;
				GCC_C_LANGUAGE_STANDARD = gnu17;
				GCC_NO_COMMON_BLOCKS = YES;
				GCC_WARN_64_TO_32_BIT_CONVERSION = YES;
				GCC_WARN_ABOUT_RETURN_TYPE = YES_ERROR;
				GCC_WARN_UNDECLARED_SELECTOR = YES;
				GCC_WARN_UNINITIALIZED_AUTOS = YES_AGGRESSIVE;
				GCC_WARN_UNUSED_FUNCTION = YES;
				GCC_WARN_UNUSED_VARIABLE = YES;
				IPHONEOS_DEPLOYMENT_TARGET = 17.4;
				LOCALIZATION_PREFERS_STRING_CATALOGS = YES;
				MTL_ENABLE_DEBUG_INFO = NO;
				MTL_FAST_MATH = YES;
				SDKROOT = iphoneos;
				SWIFT_COMPILATION_MODE = wholemodule;
				VALIDATE_PRODUCT = YES;
			};
			name = Release;
		};
		E98B6B6F2D53C80A005012AB /* Debug */ = {
			isa = XCBuildConfiguration;
			buildSettings = {
				ASSETCATALOG_COMPILER_APPICON_NAME = AppIcon;
				ASSETCATALOG_COMPILER_GLOBAL_ACCENT_COLOR_NAME = AccentColor;
				CODE_SIGN_STYLE = Automatic;
				CURRENT_PROJECT_VERSION = 1;
				DEVELOPMENT_TEAM = 9W5Z8G2RNJ;
				GENERATE_INFOPLIST_FILE = YES;
				INFOPLIST_FILE = Test/Info.plist;
				INFOPLIST_KEY_UIApplicationSupportsIndirectInputEvents = YES;
				INFOPLIST_KEY_UILaunchStoryboardName = LaunchScreen;
				INFOPLIST_KEY_UIMainStoryboardFile = Main;
				INFOPLIST_KEY_UISupportedInterfaceOrientations_iPad = "UIInterfaceOrientationPortrait UIInterfaceOrientationPortraitUpsideDown UIInterfaceOrientationLandscapeLeft UIInterfaceOrientationLandscapeRight";
				INFOPLIST_KEY_UISupportedInterfaceOrientations_iPhone = "UIInterfaceOrientationPortrait UIInterfaceOrientationLandscapeLeft UIInterfaceOrientationLandscapeRight";
				LD_RUNPATH_SEARCH_PATHS = (
					"$(inherited)",
					"@executable_path/Frameworks",
				);
				MARKETING_VERSION = 1.0;
				PRODUCT_BUNDLE_IDENTIFIER = com.abdulkadiroruc.Test;
				PRODUCT_NAME = "$(TARGET_NAME)";
				SWIFT_EMIT_LOC_STRINGS = YES;
				SWIFT_VERSION = 5.0;
				TARGETED_DEVICE_FAMILY = "1,2";
			};
			name = Debug;
		};
		E98B6B702D53C80A005012AB /* Release */ = {
			isa = XCBuildConfiguration;
			buildSettings = {
				ASSETCATALOG_COMPILER_APPICON_NAME = AppIcon;
				ASSETCATALOG_COMPILER_GLOBAL_ACCENT_COLOR_NAME = AccentColor;
				CODE_SIGN_STYLE = Automatic;
				CURRENT_PROJECT_VERSION = 1;
				DEVELOPMENT_TEAM = 9W5Z8G2RNJ;
				GENERATE_INFOPLIST_FILE = YES;
				INFOPLIST_FILE = Test/Info.plist;
				INFOPLIST_KEY_UIApplicationSupportsIndirectInputEvents = YES;
				INFOPLIST_KEY_UILaunchStoryboardName = LaunchScreen;
				INFOPLIST_KEY_UIMainStoryboardFile = Main;
				INFOPLIST_KEY_UISupportedInterfaceOrientations_iPad = "UIInterfaceOrientationPortrait UIInterfaceOrientationPortraitUpsideDown UIInterfaceOrientationLandscapeLeft UIInterfaceOrientationLandscapeRight";
				INFOPLIST_KEY_UISupportedInterfaceOrientations_iPhone = "UIInterfaceOrientationPortrait UIInterfaceOrientationLandscapeLeft UIInterfaceOrientationLandscapeRight";
				LD_RUNPATH_SEARCH_PATHS = (
					"$(inherited)",
					"@executable_path/Frameworks",
				);
				MARKETING_VERSION = 1.0;
				PRODUCT_BUNDLE_IDENTIFIER = com.abdulkadiroruc.Test;
				PRODUCT_NAME = "$(TARGET_NAME)";
				SWIFT_EMIT_LOC_STRINGS = YES;
				SWIFT_VERSION = 5.0;
				TARGETED_DEVICE_FAMILY = "1,2";
			};
			name = Release;
		};
/* End XCBuildConfiguration section */

/* Begin XCConfigurationList section */
		E98B6B552D53C807005012AB /* Build configuration list for PBXProject "Test" */ = {
			isa = XCConfigurationList;
			buildConfigurations = (
				E98B6B6C2D53C80A005012AB /* Debug */,
				E98B6B6D2D53C80A005012AB /* Release */,
			);
			defaultConfigurationIsVisible = 0;
			defaultConfigurationName = Release;
		};
		E98B6B6E2D53C80A005012AB /* Build configuration list for PBXNativeTarget "Test" */ = {
			isa = XCConfigurationList;
			buildConfigurations = (
				E98B6B6F2D53C80A005012AB /* Debug */,
				E98B6B702D53C80A005012AB /* Release */,
			);
			defaultConfigurationIsVisible = 0;
			defaultConfigurationName = Release;
		};
/* End XCConfigurationList section */

/* Begin XCRemoteSwiftPackageReference section */
		E950A8CB2DD2724700928DEB /* XCRemoteSwiftPackageReference "FSCalendar" */ = {
			isa = XCRemoteSwiftPackageReference;
			repositoryURL = "https://github.com/WenchaoD/FSCalendar";
			requirement = {
				kind = upToNextMajorVersion;
				minimumVersion = 2.8.4;
			};
		};
		E9E2CF772D805CD6007ABC93 /* XCRemoteSwiftPackageReference "Charts" */ = {
			isa = XCRemoteSwiftPackageReference;
			repositoryURL = "https://github.com/danielgindi/Charts";
			requirement = {
				kind = upToNextMajorVersion;
				minimumVersion = 5.1.0;
			};
		};
/* End XCRemoteSwiftPackageReference section */

/* Begin XCSwiftPackageProductDependency section */
		E950A8CC2DD2724700928DEB /* FSCalendar */ = {
			isa = XCSwiftPackageProductDependency;
			package = E950A8CB2DD2724700928DEB /* XCRemoteSwiftPackageReference "FSCalendar" */;
			productName = FSCalendar;
		};
		E9E2CF782D805CD6007ABC93 /* DGCharts */ = {
			isa = XCSwiftPackageProductDependency;
			package = E9E2CF772D805CD6007ABC93 /* XCRemoteSwiftPackageReference "Charts" */;
			productName = DGCharts;
		};
		E9E2CF7A2D805CD6007ABC93 /* DGChartsDynamic */ = {
			isa = XCSwiftPackageProductDependency;
			package = E9E2CF772D805CD6007ABC93 /* XCRemoteSwiftPackageReference "Charts" */;
			productName = DGChartsDynamic;
		};
/* End XCSwiftPackageProductDependency section */
	};
	rootObject = E98B6B522D53C807005012AB /* Project object */;
}
