// !$*UTF8*$!
{
	archiveVersion = 1;
	classes = {
	};
	objectVersion = 70;
	objects = {

/* Begin PBXBuildFile section */
		E90741702D7DA49800E7599C /* LoginViewController.swift in Sources */ = {isa = PBXBuildFile; fileRef = E907416F2D7DA49800E7599C /* LoginViewController.swift */; };
		E90741722D7DA5D400E7599C /* LoginViewModel.swift in Sources */ = {isa = PBXBuildFile; fileRef = E90741712D7DA5D400E7599C /* LoginViewModel.swift */; };
		E90741742D7DA9A200E7599C /* UITextFieldExtension.swift in Sources */ = {isa = PBXBuildFile; fileRef = E90741732D7DA9A200E7599C /* UITextFieldExtension.swift */; };
		E90741762D7DB60700E7599C /* SignUpViewController.swift in Sources */ = {isa = PBXBuildFile; fileRef = E90741752D7DB60700E7599C /* SignUpViewController.swift */; };
		E90741782D7DBCA700E7599C /* Constants.swift in Sources */ = {isa = PBXBuildFile; fileRef = E90741772D7DBCA700E7599C /* Constants.swift */; };
		E907417A2D7DE4FF00E7599C /* SettingsViewController.swift in Sources */ = {isa = PBXBuildFile; fileRef = E90741792D7DE4FF00E7599C /* SettingsViewController.swift */; };
		E90F83D62E030AAA00BE05C0 /* DGCharts in Frameworks */ = {isa = PBXBuildFile; productRef = E90F83D52E030AAA00BE05C0 /* DGCharts */; };
		E911B0262F45E2BD00A694A8 /* Localizable.strings in Resources */ = {isa = PBXBuildFile; fileRef = E911B0242F45E2BD00A694A8 /* Localizable.strings */; };
		E911B0292F45E2C600A694A8 /* Localizable.strings in Resources */ = {isa = PBXBuildFile; fileRef = E911B0272F45E2C600A694A8 /* Localizable.strings */; };
		E911B02C2F45E2DE00A694A8 /* L10n.swift in Sources */ = {isa = PBXBuildFile; fileRef = E911B02B2F45E2DE00A694A8 /* L10n.swift */; };
		E92681DC2DA9842A00138259 /* ProfileViewController.swift in Sources */ = {isa = PBXBuildFile; fileRef = E92681DB2DA9842A00138259 /* ProfileViewController.swift */; };
		E93503BE2DF8533A009D621D /* PresenceService.swift in Sources */ = {isa = PBXBuildFile; fileRef = E93503BD2DF8533A009D621D /* PresenceService.swift */; };
		E93503E62DF871AB009D621D /* DIContainer.swift in Sources */ = {isa = PBXBuildFile; fileRef = E93503E52DF871AB009D621D /* DIContainer.swift */; };
		E93503E82DF8D274009D621D /* ArrayExtension.swift in Sources */ = {isa = PBXBuildFile; fileRef = E93503E72DF8D274009D621D /* ArrayExtension.swift */; };
		E93EF57C2F4605F900AF352F /* FirebaseDatabase in Frameworks */ = {isa = PBXBuildFile; productRef = E93EF57B2F4605F900AF352F /* FirebaseDatabase */; };
		E93EF5D02F49CDAA00AF352F /* PendingSessionStore.swift in Sources */ = {isa = PBXBuildFile; fileRef = E93EF5CF2F49CDAA00AF352F /* PendingSessionStore.swift */; };
		E93EF5D22F49CDAD00AF352F /* Notifications.swift in Sources */ = {isa = PBXBuildFile; fileRef = E93EF5D12F49CDAD00AF352F /* Notifications.swift */; };
		E93EF5D42F4C7A2600AF352F /* NetworkMonitor.swift in Sources */ = {isa = PBXBuildFile; fileRef = E93EF5D32F4C7A2600AF352F /* NetworkMonitor.swift */; };
		E93EF5D62F4C7E4C00AF352F /* TimekeeperAutoSaveKeys.swift in Sources */ = {isa = PBXBuildFile; fileRef = E93EF5D52F4C7E4C00AF352F /* TimekeeperAutoSaveKeys.swift */; };
		E93F1FEC2DDA947B00966661 /* StatisticsViewModel.swift in Sources */ = {isa = PBXBuildFile; fileRef = E93F1FEB2DDA947B00966661 /* StatisticsViewModel.swift */; };
		E94923C72DF238AD0025A7F3 /* ProfileCell.swift in Sources */ = {isa = PBXBuildFile; fileRef = E94923C62DF238AD0025A7F3 /* ProfileCell.swift */; };
		E94923C92DF23AB90025A7F3 /* ProfileSearchViewModel.swift in Sources */ = {isa = PBXBuildFile; fileRef = E94923C82DF23AB90025A7F3 /* ProfileSearchViewModel.swift */; };
		E94923CD2DF30A060025A7F3 /* FriendshipModel.swift in Sources */ = {isa = PBXBuildFile; fileRef = E94923CC2DF30A060025A7F3 /* FriendshipModel.swift */; };
		E94923D12DF30F930025A7F3 /* AlertMessageModel.swift in Sources */ = {isa = PBXBuildFile; fileRef = E94923D02DF30F930025A7F3 /* AlertMessageModel.swift */; };
		E94923D32DF310F70025A7F3 /* UIViewControllerExtension.swift in Sources */ = {isa = PBXBuildFile; fileRef = E94923D22DF310F70025A7F3 /* UIViewControllerExtension.swift */; };
		E94923D52DF31D380025A7F3 /* NotificationsViewModel.swift in Sources */ = {isa = PBXBuildFile; fileRef = E94923D42DF31D380025A7F3 /* NotificationsViewModel.swift */; };
		E94923D72DF31D520025A7F3 /* NotificationModel.swift in Sources */ = {isa = PBXBuildFile; fileRef = E94923D62DF31D520025A7F3 /* NotificationModel.swift */; };
		E94923DB2DF31F9C0025A7F3 /* FriendsService.swift in Sources */ = {isa = PBXBuildFile; fileRef = E94923DA2DF31F9C0025A7F3 /* FriendsService.swift */; };
		E94EC5DE2DE6157E00F28D21 /* ProfileModel.swift in Sources */ = {isa = PBXBuildFile; fileRef = E94EC5DD2DE6157E00F28D21 /* ProfileModel.swift */; };
		E94EC5E12DE7597E00F28D21 /* Kingfisher in Frameworks */ = {isa = PBXBuildFile; productRef = E94EC5E02DE7597E00F28D21 /* Kingfisher */; };
		E950A8CD2DD2724700928DEB /* FSCalendar in Frameworks */ = {isa = PBXBuildFile; productRef = E950A8CC2DD2724700928DEB /* FSCalendar */; };
		E950A8CF2DD27DD400928DEB /* StreakCalendarCell.swift in Sources */ = {isa = PBXBuildFile; fileRef = E950A8CE2DD27DD400928DEB /* StreakCalendarCell.swift */; };
		E950A8D72DD4E58400928DEB /* SignUpViewModel.swift in Sources */ = {isa = PBXBuildFile; fileRef = E950A8D62DD4E58300928DEB /* SignUpViewModel.swift */; };
		E950A8DA2DD4EB3000928DEB /* AuthService.swift in Sources */ = {isa = PBXBuildFile; fileRef = E950A8D92DD4EB3000928DEB /* AuthService.swift */; };
		E950A8E82DD5ED4D00928DEB /* FirebaseAuth in Frameworks */ = {isa = PBXBuildFile; productRef = E950A8E72DD5ED4D00928DEB /* FirebaseAuth */; };
		E950A8EA2DD5ED4D00928DEB /* FirebaseCore in Frameworks */ = {isa = PBXBuildFile; productRef = E950A8E92DD5ED4D00928DEB /* FirebaseCore */; };
		E950A8EC2DD5ED4D00928DEB /* FirebaseFirestore in Frameworks */ = {isa = PBXBuildFile; productRef = E950A8EB2DD5ED4D00928DEB /* FirebaseFirestore */; };
		E950A8F32DD6131700928DEB /* MainTabBarBuilder.swift in Sources */ = {isa = PBXBuildFile; fileRef = E950A8F22DD6131700928DEB /* MainTabBarBuilder.swift */; };
		E950A8F72DD6505300928DEB /* ProfileService.swift in Sources */ = {isa = PBXBuildFile; fileRef = E950A8F62DD6505300928DEB /* ProfileService.swift */; };
		E950A8FB2DD653D800928DEB /* FirebaseStorage in Frameworks */ = {isa = PBXBuildFile; productRef = E950A8FA2DD653D800928DEB /* FirebaseStorage */; };
		E950A9002DD72A8A00928DEB /* NetworkManager.swift in Sources */ = {isa = PBXBuildFile; fileRef = E950A8FF2DD72A8A00928DEB /* NetworkManager.swift */; };
		E950A9152DD73F5100928DEB /* NetworkConstants.swift in Sources */ = {isa = PBXBuildFile; fileRef = E950A9142DD73F5100928DEB /* NetworkConstants.swift */; };
		E950A91B2DD7418B00928DEB /* ProfileImageResponse.swift in Sources */ = {isa = PBXBuildFile; fileRef = E950A91A2DD7418B00928DEB /* ProfileImageResponse.swift */; };
		E95460C62DDA09BE00BB7365 /* TimerService.swift in Sources */ = {isa = PBXBuildFile; fileRef = E95460C52DDA09BE00BB7365 /* TimerService.swift */; };
		E95460C82DDA0B0C00BB7365 /* SessionModel.swift in Sources */ = {isa = PBXBuildFile; fileRef = E95460C72DDA0B0C00BB7365 /* SessionModel.swift */; };
		E95460CC2DDA0B4F00BB7365 /* StatisticsModel.swift in Sources */ = {isa = PBXBuildFile; fileRef = E95460CB2DDA0B4F00BB7365 /* StatisticsModel.swift */; };
		E95460CE2DDA1E2800BB7365 /* TimerService+Helpers.swift in Sources */ = {isa = PBXBuildFile; fileRef = E95460CD2DDA1E2800BB7365 /* TimerService+Helpers.swift */; };
		E95460D02DDA1EDC00BB7365 /* UIViewExtension.swift in Sources */ = {isa = PBXBuildFile; fileRef = E95460CF2DDA1EDC00BB7365 /* UIViewExtension.swift */; };
		E95460D22DDA1EF100BB7365 /* UIColorExtension.swift in Sources */ = {isa = PBXBuildFile; fileRef = E95460D12DDA1EF100BB7365 /* UIColorExtension.swift */; };
		E95460D42DDA1F0600BB7365 /* DateFormatterExtension.swift in Sources */ = {isa = PBXBuildFile; fileRef = E95460D32DDA1F0600BB7365 /* DateFormatterExtension.swift */; };
		E95460D72DDA7B7C00BB7365 /* FetchTimeRangeType.swift in Sources */ = {isa = PBXBuildFile; fileRef = E95460D62DDA7B7C00BB7365 /* FetchTimeRangeType.swift */; };
		E95460D92DDA7BEF00BB7365 /* TimeRangeEnum.swift in Sources */ = {isa = PBXBuildFile; fileRef = E95460D82DDA7BEF00BB7365 /* TimeRangeEnum.swift */; };
		E965182B2E02D20F00865163 /* EndpointHelpers.swift in Sources */ = {isa = PBXBuildFile; fileRef = E965182A2E02D20F00865163 /* EndpointHelpers.swift */; };
		E965182D2E02D27400865163 /* ImageUploadEndpoint.swift in Sources */ = {isa = PBXBuildFile; fileRef = E965182C2E02D27400865163 /* ImageUploadEndpoint.swift */; };
		E96ACACE2DFCBA4B00E1C191 /* LeaderboardBottomSheetCollectionViewCell.swift in Sources */ = {isa = PBXBuildFile; fileRef = E96ACACD2DFCBA4B00E1C191 /* LeaderboardBottomSheetCollectionViewCell.swift */; };
		E96ACAD22DFDAEEB00E1C191 /* DateExtension.swift in Sources */ = {isa = PBXBuildFile; fileRef = E96ACAD12DFDAEEB00E1C191 /* DateExtension.swift */; };
		E96ACAD42DFF261900E1C191 /* Timestamp Extension.swift in Sources */ = {isa = PBXBuildFile; fileRef = E96ACAD32DFF261900E1C191 /* Timestamp Extension.swift */; };
		E96BE0462E100D8500CE0651 /* AppDelegate.swift in Sources */ = {isa = PBXBuildFile; fileRef = E96BE0452E100D8500CE0651 /* AppDelegate.swift */; };
		E96BE0482E100D8500CE0651 /* ViewController.swift in Sources */ = {isa = PBXBuildFile; fileRef = E96BE0472E100D8500CE0651 /* ViewController.swift */; };
		E96BE04A2E100D8700CE0651 /* Assets.xcassets in Resources */ = {isa = PBXBuildFile; fileRef = E96BE0492E100D8700CE0651 /* Assets.xcassets */; };
		E96BE04D2E100D8700CE0651 /* Base in Resources */ = {isa = PBXBuildFile; fileRef = E96BE04C2E100D8700CE0651 /* Base */; };
		E96BE0552E100EAC00CE0651 /* GoogleService-Info.plist in Resources */ = {isa = PBXBuildFile; fileRef = E96BE0542E100EAC00CE0651 /* GoogleService-Info.plist */; };
		E96BE0562E100EAC00CE0651 /* GoogleService-Info.plist in Resources */ = {isa = PBXBuildFile; fileRef = E96BE0542E100EAC00CE0651 /* GoogleService-Info.plist */; };
		E98B6B5E2D53C807005012AB /* AppDelegate.swift in Sources */ = {isa = PBXBuildFile; fileRef = E98B6B5D2D53C807005012AB /* AppDelegate.swift */; };
		E98B6B602D53C807005012AB /* SceneDelegate.swift in Sources */ = {isa = PBXBuildFile; fileRef = E98B6B5F2D53C807005012AB /* SceneDelegate.swift */; };
		E98B6B622D53C807005012AB /* HomeViewController.swift in Sources */ = {isa = PBXBuildFile; fileRef = E98B6B612D53C807005012AB /* HomeViewController.swift */; };
		E98B6B672D53C809005012AB /* Assets.xcassets in Resources */ = {isa = PBXBuildFile; fileRef = E98B6B662D53C809005012AB /* Assets.xcassets */; };
		E98B6B6A2D53C80A005012AB /* Base in Resources */ = {isa = PBXBuildFile; fileRef = E98B6B692D53C80A005012AB /* Base */; };
		E9A6F1842DD76CA300016F4C /* FillProfileViewModel.swift in Sources */ = {isa = PBXBuildFile; fileRef = E9A6F1832DD76CA300016F4C /* FillProfileViewModel.swift */; };
		E9A6F1862DD7ECA400016F4C /* ProfileVewModel.swift in Sources */ = {isa = PBXBuildFile; fileRef = E9A6F1852DD7ECA400016F4C /* ProfileVewModel.swift */; };
		E9B3E1F82E2991C90026F85B /* VersionService.swift in Sources */ = {isa = PBXBuildFile; fileRef = E9B3E1F72E2991C90026F85B /* VersionService.swift */; };
		E9B3E3D42E1D619E0097A5BE /* EULAModalViewController.swift in Sources */ = {isa = PBXBuildFile; fileRef = E9B3E3D32E1D619E0097A5BE /* EULAModalViewController.swift */; };
		E9B3E3D62E1D61CA0097A5BE /* EULA.html in Resources */ = {isa = PBXBuildFile; fileRef = E9B3E3D52E1D61CA0097A5BE /* EULA.html */; };
		E9B6997A2DDD05F7006B05E4 /* Config.plist in Resources */ = {isa = PBXBuildFile; fileRef = E9B699792DDD05F7006B05E4 /* Config.plist */; };
		E9B6997C2DDD0628006B05E4 /* SampleConfig.plist in Resources */ = {isa = PBXBuildFile; fileRef = E9B6997B2DDD0628006B05E4 /* SampleConfig.plist */; };
		E9CBD3F92DBA642300DF9A09 /* ProfileSearchViewController.swift in Sources */ = {isa = PBXBuildFile; fileRef = E9CBD3F82DBA642300DF9A09 /* ProfileSearchViewController.swift */; };
		E9D058242D75F76E0003484C /* HomeViewModel.swift in Sources */ = {isa = PBXBuildFile; fileRef = E9D058232D75F76E0003484C /* HomeViewModel.swift */; };
		E9DC7BCC2DB532AF002BFFF4 /* LeaderboardViewController.swift in Sources */ = {isa = PBXBuildFile; fileRef = E9DC7BCB2DB532AF002BFFF4 /* LeaderboardViewController.swift */; };
		E9DC7BCE2DB537A0002BFFF4 /* BottomSheetViewController.swift in Sources */ = {isa = PBXBuildFile; fileRef = E9DC7BCD2DB537A0002BFFF4 /* BottomSheetViewController.swift */; };
		E9DE97862DB7D1E100832C8B /* NotificationsViewController.swift in Sources */ = {isa = PBXBuildFile; fileRef = E9DE97852DB7D1E100832C8B /* NotificationsViewController.swift */; };
		E9DE97882DB7D2E600832C8B /* NotificationsCollectionViewCell.swift in Sources */ = {isa = PBXBuildFile; fileRef = E9DE97872DB7D2E600832C8B /* NotificationsCollectionViewCell.swift */; };
		E9DE978B2DB7DACA00832C8B /* StatisticsViewController.swift in Sources */ = {isa = PBXBuildFile; fileRef = E9DE978A2DB7DACA00832C8B /* StatisticsViewController.swift */; };
		E9DE978D2DB7E33500832C8B /* BalloonMarker.swift in Sources */ = {isa = PBXBuildFile; fileRef = E9DE978C2DB7E33500832C8B /* BalloonMarker.swift */; };
		E9E2CF682D7F211F007ABC93 /* SettingsCollectionViewCell.swift in Sources */ = {isa = PBXBuildFile; fileRef = E9E2CF672D7F211F007ABC93 /* SettingsCollectionViewCell.swift */; };
		E9E2CF6A2D7F28A6007ABC93 /* SettingsViewModel.swift in Sources */ = {isa = PBXBuildFile; fileRef = E9E2CF692D7F28A6007ABC93 /* SettingsViewModel.swift */; };
		E9E2CF6C2D7F2C48007ABC93 /* SettingsModel.swift in Sources */ = {isa = PBXBuildFile; fileRef = E9E2CF6B2D7F2C48007ABC93 /* SettingsModel.swift */; };
		E9EA79422D94331D00533B85 /* HomePersonCollectionViewCell.swift in Sources */ = {isa = PBXBuildFile; fileRef = E9EA79412D94331D00533B85 /* HomePersonCollectionViewCell.swift */; };
		E9EE06922DF9BEEF0020C56A /* LeaderboardViewModel.swift in Sources */ = {isa = PBXBuildFile; fileRef = E9EE06912DF9BEEF0020C56A /* LeaderboardViewModel.swift */; };
		E9EE06942DF9C2EA0020C56A /* LeaderboardService.swift in Sources */ = {isa = PBXBuildFile; fileRef = E9EE06932DF9C2EA0020C56A /* LeaderboardService.swift */; };
		E9FF40692D93272400FE25F0 /* FillProfileViewController.swift in Sources */ = {isa = PBXBuildFile; fileRef = E9FF40682D93272400FE25F0 /* FillProfileViewController.swift */; };
/* End PBXBuildFile section */

/* Begin PBXContainerItemProxy section */
		E9B3E1B42E28560A0026F85B /* PBXContainerItemProxy */ = {
			isa = PBXContainerItemProxy;
			containerPortal = E98B6B522D53C807005012AB /* Project object */;
			proxyType = 1;
			remoteGlobalIDString = E98B6B592D53C807005012AB;
			remoteInfo = OnFocus;
		};
/* End PBXContainerItemProxy section */

/* Begin PBXFileReference section */
		E907416F2D7DA49800E7599C /* LoginViewController.swift */ = {isa = PBXFileReference; lastKnownFileType = sourcecode.swift; path = LoginViewController.swift; sourceTree = "<group>"; };
		E90741712D7DA5D400E7599C /* LoginViewModel.swift */ = {isa = PBXFileReference; lastKnownFileType = sourcecode.swift; path = LoginViewModel.swift; sourceTree = "<group>"; };
		E90741732D7DA9A200E7599C /* UITextFieldExtension.swift */ = {isa = PBXFileReference; lastKnownFileType = sourcecode.swift; path = UITextFieldExtension.swift; sourceTree = "<group>"; };
		E90741752D7DB60700E7599C /* SignUpViewController.swift */ = {isa = PBXFileReference; lastKnownFileType = sourcecode.swift; path = SignUpViewController.swift; sourceTree = "<group>"; };
		E90741772D7DBCA700E7599C /* Constants.swift */ = {isa = PBXFileReference; lastKnownFileType = sourcecode.swift; path = Constants.swift; sourceTree = "<group>"; };
		E90741792D7DE4FF00E7599C /* SettingsViewController.swift */ = {isa = PBXFileReference; lastKnownFileType = sourcecode.swift; path = SettingsViewController.swift; sourceTree = "<group>"; };
		E911B0252F45E2BD00A694A8 /* en */ = {isa = PBXFileReference; lastKnownFileType = text.plist.strings; name = en; path = Localizable.strings; sourceTree = "<group>"; };
		E911B0282F45E2C600A694A8 /* tr */ = {isa = PBXFileReference; lastKnownFileType = text.plist.strings; name = tr; path = Localizable.strings; sourceTree = "<group>"; };
		E911B02B2F45E2DE00A694A8 /* L10n.swift */ = {isa = PBXFileReference; lastKnownFileType = sourcecode.swift; path = L10n.swift; sourceTree = "<group>"; };
		E92681DB2DA9842A00138259 /* ProfileViewController.swift */ = {isa = PBXFileReference; lastKnownFileType = sourcecode.swift; path = ProfileViewController.swift; sourceTree = "<group>"; };
		E93503BD2DF8533A009D621D /* PresenceService.swift */ = {isa = PBXFileReference; lastKnownFileType = sourcecode.swift; path = PresenceService.swift; sourceTree = "<group>"; };
		E93503E52DF871AB009D621D /* DIContainer.swift */ = {isa = PBXFileReference; lastKnownFileType = sourcecode.swift; path = DIContainer.swift; sourceTree = "<group>"; };
		E93503E72DF8D274009D621D /* ArrayExtension.swift */ = {isa = PBXFileReference; lastKnownFileType = sourcecode.swift; path = ArrayExtension.swift; sourceTree = "<group>"; };
		E93EF5CF2F49CDAA00AF352F /* PendingSessionStore.swift */ = {isa = PBXFileReference; lastKnownFileType = sourcecode.swift; path = PendingSessionStore.swift; sourceTree = "<group>"; };
		E93EF5D12F49CDAD00AF352F /* Notifications.swift */ = {isa = PBXFileReference; lastKnownFileType = sourcecode.swift; path = Notifications.swift; sourceTree = "<group>"; };
		E93EF5D32F4C7A2600AF352F /* NetworkMonitor.swift */ = {isa = PBXFileReference; lastKnownFileType = sourcecode.swift; path = NetworkMonitor.swift; sourceTree = "<group>"; };
		E93EF5D52F4C7E4C00AF352F /* TimekeeperAutoSaveKeys.swift */ = {isa = PBXFileReference; lastKnownFileType = sourcecode.swift; path = TimekeeperAutoSaveKeys.swift; sourceTree = "<group>"; };
		E93F1FEB2DDA947B00966661 /* StatisticsViewModel.swift */ = {isa = PBXFileReference; lastKnownFileType = sourcecode.swift; path = StatisticsViewModel.swift; sourceTree = "<group>"; };
		E94923C62DF238AD0025A7F3 /* ProfileCell.swift */ = {isa = PBXFileReference; lastKnownFileType = sourcecode.swift; path = ProfileCell.swift; sourceTree = "<group>"; };
		E94923C82DF23AB90025A7F3 /* ProfileSearchViewModel.swift */ = {isa = PBXFileReference; lastKnownFileType = sourcecode.swift; path = ProfileSearchViewModel.swift; sourceTree = "<group>"; };
		E94923CC2DF30A060025A7F3 /* FriendshipModel.swift */ = {isa = PBXFileReference; lastKnownFileType = sourcecode.swift; path = FriendshipModel.swift; sourceTree = "<group>"; };
		E94923D02DF30F930025A7F3 /* AlertMessageModel.swift */ = {isa = PBXFileReference; lastKnownFileType = sourcecode.swift; path = AlertMessageModel.swift; sourceTree = "<group>"; };
		E94923D22DF310F70025A7F3 /* UIViewControllerExtension.swift */ = {isa = PBXFileReference; lastKnownFileType = sourcecode.swift; path = UIViewControllerExtension.swift; sourceTree = "<group>"; };
		E94923D42DF31D380025A7F3 /* NotificationsViewModel.swift */ = {isa = PBXFileReference; lastKnownFileType = sourcecode.swift; path = NotificationsViewModel.swift; sourceTree = "<group>"; };
		E94923D62DF31D520025A7F3 /* NotificationModel.swift */ = {isa = PBXFileReference; lastKnownFileType = sourcecode.swift; path = NotificationModel.swift; sourceTree = "<group>"; };
		E94923DA2DF31F9C0025A7F3 /* FriendsService.swift */ = {isa = PBXFileReference; lastKnownFileType = sourcecode.swift; path = FriendsService.swift; sourceTree = "<group>"; };
		E94EC5DD2DE6157E00F28D21 /* ProfileModel.swift */ = {isa = PBXFileReference; lastKnownFileType = sourcecode.swift; path = ProfileModel.swift; sourceTree = "<group>"; };
		E950A8CE2DD27DD400928DEB /* StreakCalendarCell.swift */ = {isa = PBXFileReference; lastKnownFileType = sourcecode.swift; path = StreakCalendarCell.swift; sourceTree = "<group>"; };
		E950A8D62DD4E58300928DEB /* SignUpViewModel.swift */ = {isa = PBXFileReference; lastKnownFileType = sourcecode.swift; path = SignUpViewModel.swift; sourceTree = "<group>"; };
		E950A8D92DD4EB3000928DEB /* AuthService.swift */ = {isa = PBXFileReference; lastKnownFileType = sourcecode.swift; path = AuthService.swift; sourceTree = "<group>"; };
		E950A8F22DD6131700928DEB /* MainTabBarBuilder.swift */ = {isa = PBXFileReference; lastKnownFileType = sourcecode.swift; path = MainTabBarBuilder.swift; sourceTree = "<group>"; };
		E950A8F62DD6505300928DEB /* ProfileService.swift */ = {isa = PBXFileReference; lastKnownFileType = sourcecode.swift; path = ProfileService.swift; sourceTree = "<group>"; };
		E950A8FF2DD72A8A00928DEB /* NetworkManager.swift */ = {isa = PBXFileReference; lastKnownFileType = sourcecode.swift; path = NetworkManager.swift; sourceTree = "<group>"; };
		E950A9142DD73F5100928DEB /* NetworkConstants.swift */ = {isa = PBXFileReference; lastKnownFileType = sourcecode.swift; path = NetworkConstants.swift; sourceTree = "<group>"; };
		E950A91A2DD7418B00928DEB /* ProfileImageResponse.swift */ = {isa = PBXFileReference; lastKnownFileType = sourcecode.swift; path = ProfileImageResponse.swift; sourceTree = "<group>"; };
		E95460C52DDA09BE00BB7365 /* TimerService.swift */ = {isa = PBXFileReference; lastKnownFileType = sourcecode.swift; path = TimerService.swift; sourceTree = "<group>"; };
		E95460C72DDA0B0C00BB7365 /* SessionModel.swift */ = {isa = PBXFileReference; lastKnownFileType = sourcecode.swift; path = SessionModel.swift; sourceTree = "<group>"; };
		E95460CB2DDA0B4F00BB7365 /* StatisticsModel.swift */ = {isa = PBXFileReference; lastKnownFileType = sourcecode.swift; path = StatisticsModel.swift; sourceTree = "<group>"; };
		E95460CD2DDA1E2800BB7365 /* TimerService+Helpers.swift */ = {isa = PBXFileReference; lastKnownFileType = sourcecode.swift; path = "TimerService+Helpers.swift"; sourceTree = "<group>"; };
		E95460CF2DDA1EDC00BB7365 /* UIViewExtension.swift */ = {isa = PBXFileReference; lastKnownFileType = sourcecode.swift; path = UIViewExtension.swift; sourceTree = "<group>"; };
		E95460D12DDA1EF100BB7365 /* UIColorExtension.swift */ = {isa = PBXFileReference; lastKnownFileType = sourcecode.swift; path = UIColorExtension.swift; sourceTree = "<group>"; };
		E95460D32DDA1F0600BB7365 /* DateFormatterExtension.swift */ = {isa = PBXFileReference; lastKnownFileType = sourcecode.swift; path = DateFormatterExtension.swift; sourceTree = "<group>"; };
		E95460D62DDA7B7C00BB7365 /* FetchTimeRangeType.swift */ = {isa = PBXFileReference; lastKnownFileType = sourcecode.swift; path = FetchTimeRangeType.swift; sourceTree = "<group>"; };
		E95460D82DDA7BEF00BB7365 /* TimeRangeEnum.swift */ = {isa = PBXFileReference; lastKnownFileType = sourcecode.swift; path = TimeRangeEnum.swift; sourceTree = "<group>"; };
		E965182A2E02D20F00865163 /* EndpointHelpers.swift */ = {isa = PBXFileReference; fileEncoding = 4; lastKnownFileType = sourcecode.swift; path = EndpointHelpers.swift; sourceTree = "<group>"; };
		E965182C2E02D27400865163 /* ImageUploadEndpoint.swift */ = {isa = PBXFileReference; lastKnownFileType = sourcecode.swift; path = ImageUploadEndpoint.swift; sourceTree = "<group>"; };
		E96ACACD2DFCBA4B00E1C191 /* LeaderboardBottomSheetCollectionViewCell.swift */ = {isa = PBXFileReference; lastKnownFileType = sourcecode.swift; path = LeaderboardBottomSheetCollectionViewCell.swift; sourceTree = "<group>"; };
		E96ACAD12DFDAEEB00E1C191 /* DateExtension.swift */ = {isa = PBXFileReference; lastKnownFileType = sourcecode.swift; path = DateExtension.swift; sourceTree = "<group>"; };
		E96ACAD32DFF261900E1C191 /* Timestamp Extension.swift */ = {isa = PBXFileReference; lastKnownFileType = sourcecode.swift; path = "Timestamp Extension.swift"; sourceTree = "<group>"; };
		E96BE0432E100D8500CE0651 /* OnFocusMac.app */ = {isa = PBXFileReference; explicitFileType = wrapper.application; includeInIndex = 0; path = OnFocusMac.app; sourceTree = BUILT_PRODUCTS_DIR; };
		E96BE0452E100D8500CE0651 /* AppDelegate.swift */ = {isa = PBXFileReference; lastKnownFileType = sourcecode.swift; path = AppDelegate.swift; sourceTree = "<group>"; };
		E96BE0472E100D8500CE0651 /* ViewController.swift */ = {isa = PBXFileReference; lastKnownFileType = sourcecode.swift; path = ViewController.swift; sourceTree = "<group>"; };
		E96BE0492E100D8700CE0651 /* Assets.xcassets */ = {isa = PBXFileReference; lastKnownFileType = folder.assetcatalog; path = Assets.xcassets; sourceTree = "<group>"; };
		E96BE04C2E100D8700CE0651 /* Base */ = {isa = PBXFileReference; lastKnownFileType = file.storyboard; name = Base; path = Base.lproj/Main.storyboard; sourceTree = "<group>"; };
		E96BE04E2E100D8700CE0651 /* OnFocus.entitlements */ = {isa = PBXFileReference; lastKnownFileType = text.plist.entitlements; path = OnFocus.entitlements; sourceTree = "<group>"; };
		E96BE0542E100EAC00CE0651 /* GoogleService-Info.plist */ = {isa = PBXFileReference; fileEncoding = 4; lastKnownFileType = text.plist.xml; path = "GoogleService-Info.plist"; sourceTree = "<group>"; };
		E98B6B5A2D53C807005012AB /* OnFocus.app */ = {isa = PBXFileReference; explicitFileType = wrapper.application; includeInIndex = 0; path = OnFocus.app; sourceTree = BUILT_PRODUCTS_DIR; };
		E98B6B5D2D53C807005012AB /* AppDelegate.swift */ = {isa = PBXFileReference; lastKnownFileType = sourcecode.swift; path = AppDelegate.swift; sourceTree = "<group>"; };
		E98B6B5F2D53C807005012AB /* SceneDelegate.swift */ = {isa = PBXFileReference; lastKnownFileType = sourcecode.swift; path = SceneDelegate.swift; sourceTree = "<group>"; };
		E98B6B612D53C807005012AB /* HomeViewController.swift */ = {isa = PBXFileReference; lastKnownFileType = sourcecode.swift; path = HomeViewController.swift; sourceTree = "<group>"; };
		E98B6B662D53C809005012AB /* Assets.xcassets */ = {isa = PBXFileReference; lastKnownFileType = folder.assetcatalog; path = Assets.xcassets; sourceTree = "<group>"; };
		E98B6B692D53C80A005012AB /* Base */ = {isa = PBXFileReference; lastKnownFileType = file.storyboard; name = Base; path = Base.lproj/LaunchScreen.storyboard; sourceTree = "<group>"; };
		E98B6B6B2D53C80A005012AB /* Info.plist */ = {isa = PBXFileReference; lastKnownFileType = text.plist.xml; path = Info.plist; sourceTree = "<group>"; };
		E9A6F1832DD76CA300016F4C /* FillProfileViewModel.swift */ = {isa = PBXFileReference; fileEncoding = 4; lastKnownFileType = sourcecode.swift; path = FillProfileViewModel.swift; sourceTree = "<group>"; };
		E9A6F1852DD7ECA400016F4C /* ProfileVewModel.swift */ = {isa = PBXFileReference; lastKnownFileType = sourcecode.swift; path = ProfileVewModel.swift; sourceTree = "<group>"; };
		E9B3E1B02E28560A0026F85B /* OnFocusTests.xctest */ = {isa = PBXFileReference; explicitFileType = wrapper.cfbundle; includeInIndex = 0; path = OnFocusTests.xctest; sourceTree = BUILT_PRODUCTS_DIR; };
		E9B3E1F72E2991C90026F85B /* VersionService.swift */ = {isa = PBXFileReference; lastKnownFileType = sourcecode.swift; path = VersionService.swift; sourceTree = "<group>"; };
		E9B3E3D32E1D619E0097A5BE /* EULAModalViewController.swift */ = {isa = PBXFileReference; lastKnownFileType = sourcecode.swift; path = EULAModalViewController.swift; sourceTree = "<group>"; };
		E9B3E3D52E1D61CA0097A5BE /* EULA.html */ = {isa = PBXFileReference; lastKnownFileType = text.html; path = EULA.html; sourceTree = "<group>"; };
		E9B699792DDD05F7006B05E4 /* Config.plist */ = {isa = PBXFileReference; lastKnownFileType = text.plist.xml; path = Config.plist; sourceTree = "<group>"; };
		E9B6997B2DDD0628006B05E4 /* SampleConfig.plist */ = {isa = PBXFileReference; lastKnownFileType = text.plist.xml; path = SampleConfig.plist; sourceTree = "<group>"; };
		E9CBD3F82DBA642300DF9A09 /* ProfileSearchViewController.swift */ = {isa = PBXFileReference; lastKnownFileType = sourcecode.swift; path = ProfileSearchViewController.swift; sourceTree = "<group>"; };
		E9D058232D75F76E0003484C /* HomeViewModel.swift */ = {isa = PBXFileReference; lastKnownFileType = sourcecode.swift; path = HomeViewModel.swift; sourceTree = "<group>"; };
		E9DC7BCB2DB532AF002BFFF4 /* LeaderboardViewController.swift */ = {isa = PBXFileReference; lastKnownFileType = sourcecode.swift; path = LeaderboardViewController.swift; sourceTree = "<group>"; };
		E9DC7BCD2DB537A0002BFFF4 /* BottomSheetViewController.swift */ = {isa = PBXFileReference; lastKnownFileType = sourcecode.swift; path = BottomSheetViewController.swift; sourceTree = "<group>"; };
		E9DE97852DB7D1E100832C8B /* NotificationsViewController.swift */ = {isa = PBXFileReference; lastKnownFileType = sourcecode.swift; path = NotificationsViewController.swift; sourceTree = "<group>"; };
		E9DE97872DB7D2E600832C8B /* NotificationsCollectionViewCell.swift */ = {isa = PBXFileReference; lastKnownFileType = sourcecode.swift; path = NotificationsCollectionViewCell.swift; sourceTree = "<group>"; };
		E9DE978A2DB7DACA00832C8B /* StatisticsViewController.swift */ = {isa = PBXFileReference; lastKnownFileType = sourcecode.swift; path = StatisticsViewController.swift; sourceTree = "<group>"; };
		E9DE978C2DB7E33500832C8B /* BalloonMarker.swift */ = {isa = PBXFileReference; lastKnownFileType = sourcecode.swift; path = BalloonMarker.swift; sourceTree = "<group>"; };
		E9E2CF672D7F211F007ABC93 /* SettingsCollectionViewCell.swift */ = {isa = PBXFileReference; lastKnownFileType = sourcecode.swift; path = SettingsCollectionViewCell.swift; sourceTree = "<group>"; };
		E9E2CF692D7F28A6007ABC93 /* SettingsViewModel.swift */ = {isa = PBXFileReference; lastKnownFileType = sourcecode.swift; path = SettingsViewModel.swift; sourceTree = "<group>"; };
		E9E2CF6B2D7F2C48007ABC93 /* SettingsModel.swift */ = {isa = PBXFileReference; lastKnownFileType = sourcecode.swift; path = SettingsModel.swift; sourceTree = "<group>"; };
		E9EA79412D94331D00533B85 /* HomePersonCollectionViewCell.swift */ = {isa = PBXFileReference; lastKnownFileType = sourcecode.swift; path = HomePersonCollectionViewCell.swift; sourceTree = "<group>"; };
		E9EE06912DF9BEEF0020C56A /* LeaderboardViewModel.swift */ = {isa = PBXFileReference; lastKnownFileType = sourcecode.swift; path = LeaderboardViewModel.swift; sourceTree = "<group>"; };
		E9EE06932DF9C2EA0020C56A /* LeaderboardService.swift */ = {isa = PBXFileReference; lastKnownFileType = sourcecode.swift; path = LeaderboardService.swift; sourceTree = "<group>"; };
		E9FF40682D93272400FE25F0 /* FillProfileViewController.swift */ = {isa = PBXFileReference; lastKnownFileType = sourcecode.swift; path = FillProfileViewController.swift; sourceTree = "<group>"; };
/* End PBXFileReference section */

/* Begin PBXFileSystemSynchronizedRootGroup section */
		E9B3E1B12E28560A0026F85B /* OnFocusTests */ = {isa = PBXFileSystemSynchronizedRootGroup; explicitFileTypes = {}; explicitFolders = (); path = OnFocusTests; sourceTree = "<group>"; };
/* End PBXFileSystemSynchronizedRootGroup section */

/* Begin PBXFrameworksBuildPhase section */
		E96BE0402E100D8500CE0651 /* Frameworks */ = {
			isa = PBXFrameworksBuildPhase;
			buildActionMask = 2147483647;
			files = (
			);
			runOnlyForDeploymentPostprocessing = 0;
		};
		E98B6B572D53C807005012AB /* Frameworks */ = {
			isa = PBXFrameworksBuildPhase;
			buildActionMask = 2147483647;
			files = (
				E950A8EA2DD5ED4D00928DEB /* FirebaseCore in Frameworks */,
				E950A8CD2DD2724700928DEB /* FSCalendar in Frameworks */,
				E94EC5E12DE7597E00F28D21 /* Kingfisher in Frameworks */,
				E950A8FB2DD653D800928DEB /* FirebaseStorage in Frameworks */,
				E950A8E82DD5ED4D00928DEB /* FirebaseAuth in Frameworks */,
				E90F83D62E030AAA00BE05C0 /* DGCharts in Frameworks */,
				E93EF57C2F4605F900AF352F /* FirebaseDatabase in Frameworks */,
				E950A8EC2DD5ED4D00928DEB /* FirebaseFirestore in Frameworks */,
			);
			runOnlyForDeploymentPostprocessing = 0;
		};
		E9B3E1AD2E28560A0026F85B /* Frameworks */ = {
			isa = PBXFrameworksBuildPhase;
			buildActionMask = 2147483647;
			files = (
			);
			runOnlyForDeploymentPostprocessing = 0;
		};
/* End PBXFrameworksBuildPhase section */

/* Begin PBXGroup section */
		E90D77F02D918A3000C9EBF9 /* FillProfile */ = {
			isa = PBXGroup;
			children = (
				E9FF40682D93272400FE25F0 /* FillProfileViewController.swift */,
				E9A6F1832DD76CA300016F4C /* FillProfileViewModel.swift */,
			);
			path = FillProfile;
			sourceTree = "<group>";
		};
		E911B0212F45E2AB00A694A8 /* Localization */ = {
			isa = PBXGroup;
			children = (
				E911B0222F45E2AE00A694A8 /* en.lproj */,
				E911B0232F45E2B100A694A8 /* tr.lproj */,
			);
			path = Localization;
			sourceTree = "<group>";
		};
		E911B0222F45E2AE00A694A8 /* en.lproj */ = {
			isa = PBXGroup;
			children = (
				E911B0242F45E2BD00A694A8 /* Localizable.strings */,
			);
			path = en.lproj;
			sourceTree = "<group>";
		};
		E911B0232F45E2B100A694A8 /* tr.lproj */ = {
			isa = PBXGroup;
			children = (
				E911B0272F45E2C600A694A8 /* Localizable.strings */,
			);
			path = tr.lproj;
			sourceTree = "<group>";
		};
		E911B02A2F45E2D300A694A8 /* Localization */ = {
			isa = PBXGroup;
			children = (
				E911B02B2F45E2DE00A694A8 /* L10n.swift */,
			);
			path = Localization;
			sourceTree = "<group>";
		};
		E92681DD2DA9842E00138259 /* Profile */ = {
			isa = PBXGroup;
			children = (
				E92681DB2DA9842A00138259 /* ProfileViewController.swift */,
				E9A6F1852DD7ECA400016F4C /* ProfileVewModel.swift */,
				E950A8CE2DD27DD400928DEB /* StreakCalendarCell.swift */,
			);
			path = Profile;
			sourceTree = "<group>";
		};
		E93503E42DF87194009D621D /* DI */ = {
			isa = PBXGroup;
			children = (
				E93503E52DF871AB009D621D /* DIContainer.swift */,
			);
			path = DI;
			sourceTree = "<group>";
		};
		E93EF57A2F4605F900AF352F /* Frameworks */ = {
			isa = PBXGroup;
			children = (
			);
			name = Frameworks;
			sourceTree = "<group>";
		};
		E950A8F12DD612F700928DEB /* TabBar */ = {
			isa = PBXGroup;
			children = (
				E950A8F22DD6131700928DEB /* MainTabBarBuilder.swift */,
			);
			path = TabBar;
			sourceTree = "<group>";
		};
		E950A9082DD73ADC00928DEB /* App */ = {
			isa = PBXGroup;
			children = (
				E98B6B5D2D53C807005012AB /* AppDelegate.swift */,
				E98B6B5F2D53C807005012AB /* SceneDelegate.swift */,
			);
			path = App;
			sourceTree = "<group>";
		};
		E950A9092DD73AF400928DEB /* Resources */ = {
			isa = PBXGroup;
			children = (
				E98B6B682D53C80A005012AB /* LaunchScreen.storyboard */,
				E98B6B662D53C809005012AB /* Assets.xcassets */,
				E9B699792DDD05F7006B05E4 /* Config.plist */,
				E9B6997B2DDD0628006B05E4 /* SampleConfig.plist */,
				E9B3E3D52E1D61CA0097A5BE /* EULA.html */,
				E911B0212F45E2AB00A694A8 /* Localization */,
			);
			path = Resources;
			sourceTree = "<group>";
		};
		E950A90A2DD73B1600928DEB /* Modules */ = {
			isa = PBXGroup;
			children = (
				E90D77F02D918A3000C9EBF9 /* FillProfile */,
				E9E2CF6D2D7F3460007ABC93 /* Home */,
				E9DC7BCA2DB53282002BFFF4 /* Leaderboard */,
				E9E2CF702D7F3485007ABC93 /* Login */,
				E9DE97842DB7D1CF00832C8B /* Notifications */,
				E92681DD2DA9842E00138259 /* Profile */,
				E9CBD3F72DBA641200DF9A09 /* Search */,
				E9E2CF6F2D7F3477007ABC93 /* Settings */,
				E9E2CF712D7F348E007ABC93 /* SignUp */,
				E9DE97892DB7DAB000832C8B /* Statistics */,
				E950A8F12DD612F700928DEB /* TabBar */,
			);
			path = Modules;
			sourceTree = "<group>";
		};
		E950A90B2DD73DB300928DEB /* Utilities */ = {
			isa = PBXGroup;
			children = (
				E95460D52DDA1FD500BB7365 /* Extensions */,
				E94923D02DF30F930025A7F3 /* AlertMessageModel.swift */,
				E93EF5D12F49CDAD00AF352F /* Notifications.swift */,
				E93EF5D52F4C7E4C00AF352F /* TimekeeperAutoSaveKeys.swift */,
			);
			path = Utilities;
			sourceTree = "<group>";
		};
		E950A9112DD73E9A00928DEB /* Endpoints */ = {
			isa = PBXGroup;
			children = (
				E965182A2E02D20F00865163 /* EndpointHelpers.swift */,
				E965182C2E02D27400865163 /* ImageUploadEndpoint.swift */,
			);
			path = Endpoints;
			sourceTree = "<group>";
		};
		E950A9122DD73EEB00928DEB /* Models */ = {
			isa = PBXGroup;
			children = (
				E95460C72DDA0B0C00BB7365 /* SessionModel.swift */,
				E95460D82DDA7BEF00BB7365 /* TimeRangeEnum.swift */,
				E95460D62DDA7B7C00BB7365 /* FetchTimeRangeType.swift */,
				E95460CB2DDA0B4F00BB7365 /* StatisticsModel.swift */,
				E94EC5DD2DE6157E00F28D21 /* ProfileModel.swift */,
				E94923CC2DF30A060025A7F3 /* FriendshipModel.swift */,
				E94923D62DF31D520025A7F3 /* NotificationModel.swift */,
			);
			path = Models;
			sourceTree = "<group>";
		};
		E95460D52DDA1FD500BB7365 /* Extensions */ = {
			isa = PBXGroup;
			children = (
				E90741732D7DA9A200E7599C /* UITextFieldExtension.swift */,
				E95460CF2DDA1EDC00BB7365 /* UIViewExtension.swift */,
				E95460D12DDA1EF100BB7365 /* UIColorExtension.swift */,
				E95460D32DDA1F0600BB7365 /* DateFormatterExtension.swift */,
				E96ACAD12DFDAEEB00E1C191 /* DateExtension.swift */,
				E94923D22DF310F70025A7F3 /* UIViewControllerExtension.swift */,
				E93503E72DF8D274009D621D /* ArrayExtension.swift */,
				E96ACAD32DFF261900E1C191 /* Timestamp Extension.swift */,
			);
			path = Extensions;
			sourceTree = "<group>";
		};
		E96518252E02D06600865163 /* Core */ = {
			isa = PBXGroup;
			children = (
				E93503E42DF87194009D621D /* DI */,
				E96518272E02D0AA00865163 /* Network */,
				E96518262E02D06D00865163 /* Firebase */,
				E950A90B2DD73DB300928DEB /* Utilities */,
				E911B02A2F45E2D300A694A8 /* Localization */,
			);
			path = Core;
			sourceTree = "<group>";
		};
		E96518262E02D06D00865163 /* Firebase */ = {
			isa = PBXGroup;
			children = (
				E950A8D92DD4EB3000928DEB /* AuthService.swift */,
				E950A8F62DD6505300928DEB /* ProfileService.swift */,
				E94923DA2DF31F9C0025A7F3 /* FriendsService.swift */,
				E95460C52DDA09BE00BB7365 /* TimerService.swift */,
				E95460CD2DDA1E2800BB7365 /* TimerService+Helpers.swift */,
				E93503BD2DF8533A009D621D /* PresenceService.swift */,
				E9EE06932DF9C2EA0020C56A /* LeaderboardService.swift */,
				E9B3E1F72E2991C90026F85B /* VersionService.swift */,
				E93EF5CF2F49CDAA00AF352F /* PendingSessionStore.swift */,
			);
			path = Firebase;
			sourceTree = "<group>";
		};
		E96518272E02D0AA00865163 /* Network */ = {
			isa = PBXGroup;
			children = (
				E950A8FF2DD72A8A00928DEB /* NetworkManager.swift */,
				E950A9142DD73F5100928DEB /* NetworkConstants.swift */,
				E950A9112DD73E9A00928DEB /* Endpoints */,
				E96518292E02D1EB00865163 /* Models */,
				E93EF5D32F4C7A2600AF352F /* NetworkMonitor.swift */,
			);
			path = Network;
			sourceTree = "<group>";
		};
		E96518282E02D13200865163 /* Config */ = {
			isa = PBXGroup;
			children = (
				E90741772D7DBCA700E7599C /* Constants.swift */,
			);
			path = Config;
			sourceTree = "<group>";
		};
		E96518292E02D1EB00865163 /* Models */ = {
			isa = PBXGroup;
			children = (
				E950A91A2DD7418B00928DEB /* ProfileImageResponse.swift */,
			);
			path = Models;
			sourceTree = "<group>";
		};
		E96BE0442E100D8500CE0651 /* OnFocus */ = {
			isa = PBXGroup;
			children = (
				E96BE0452E100D8500CE0651 /* AppDelegate.swift */,
				E96BE0472E100D8500CE0651 /* ViewController.swift */,
				E96BE0492E100D8700CE0651 /* Assets.xcassets */,
				E96BE04B2E100D8700CE0651 /* Main.storyboard */,
				E96BE04E2E100D8700CE0651 /* OnFocus.entitlements */,
			);
			path = OnFocus;
			sourceTree = "<group>";
		};
		E98B6B512D53C807005012AB = {
			isa = PBXGroup;
			children = (
				E98B6B5C2D53C807005012AB /* OnFocus */,
				E96BE0442E100D8500CE0651 /* OnFocus */,
				E9B3E1B12E28560A0026F85B /* OnFocusTests */,
				E93EF57A2F4605F900AF352F /* Frameworks */,
				E98B6B5B2D53C807005012AB /* Products */,
			);
			sourceTree = "<group>";
		};
		E98B6B5B2D53C807005012AB /* Products */ = {
			isa = PBXGroup;
			children = (
				E98B6B5A2D53C807005012AB /* OnFocus.app */,
				E96BE0432E100D8500CE0651 /* OnFocusMac.app */,
				E9B3E1B02E28560A0026F85B /* OnFocusTests.xctest */,
			);
			name = Products;
			sourceTree = "<group>";
		};
		E98B6B5C2D53C807005012AB /* OnFocus */ = {
			isa = PBXGroup;
			children = (
				E950A9082DD73ADC00928DEB /* App */,
				E96518252E02D06600865163 /* Core */,
				E96518282E02D13200865163 /* Config */,
				E950A9122DD73EEB00928DEB /* Models */,
				E950A90A2DD73B1600928DEB /* Modules */,
				E950A9092DD73AF400928DEB /* Resources */,
				E98B6B6B2D53C80A005012AB /* Info.plist */,
				E96BE0542E100EAC00CE0651 /* GoogleService-Info.plist */,
			);
			path = OnFocus;
			sourceTree = "<group>";
		};
		E9CBD3F72DBA641200DF9A09 /* Search */ = {
			isa = PBXGroup;
			children = (
				E9CBD3F82DBA642300DF9A09 /* ProfileSearchViewController.swift */,
				E94923C82DF23AB90025A7F3 /* ProfileSearchViewModel.swift */,
				E94923C62DF238AD0025A7F3 /* ProfileCell.swift */,
			);
			path = Search;
			sourceTree = "<group>";
		};
		E9DC7BCA2DB53282002BFFF4 /* Leaderboard */ = {
			isa = PBXGroup;
			children = (
				E9DC7BCB2DB532AF002BFFF4 /* LeaderboardViewController.swift */,
				E9EE06912DF9BEEF0020C56A /* LeaderboardViewModel.swift */,
				E9DC7BCD2DB537A0002BFFF4 /* BottomSheetViewController.swift */,
				E96ACACD2DFCBA4B00E1C191 /* LeaderboardBottomSheetCollectionViewCell.swift */,
			);
			path = Leaderboard;
			sourceTree = "<group>";
		};
		E9DE97842DB7D1CF00832C8B /* Notifications */ = {
			isa = PBXGroup;
			children = (
				E9DE97852DB7D1E100832C8B /* NotificationsViewController.swift */,
				E94923D42DF31D380025A7F3 /* NotificationsViewModel.swift */,
				E9DE97872DB7D2E600832C8B /* NotificationsCollectionViewCell.swift */,
			);
			path = Notifications;
			sourceTree = "<group>";
		};
		E9DE97892DB7DAB000832C8B /* Statistics */ = {
			isa = PBXGroup;
			children = (
				E9DE978A2DB7DACA00832C8B /* StatisticsViewController.swift */,
				E93F1FEB2DDA947B00966661 /* StatisticsViewModel.swift */,
				E9DE978C2DB7E33500832C8B /* BalloonMarker.swift */,
			);
			path = Statistics;
			sourceTree = "<group>";
		};
		E9E2CF6D2D7F3460007ABC93 /* Home */ = {
			isa = PBXGroup;
			children = (
				E98B6B612D53C807005012AB /* HomeViewController.swift */,
				E9D058232D75F76E0003484C /* HomeViewModel.swift */,
				E9EA79412D94331D00533B85 /* HomePersonCollectionViewCell.swift */,
			);
			path = Home;
			sourceTree = "<group>";
		};
		E9E2CF6F2D7F3477007ABC93 /* Settings */ = {
			isa = PBXGroup;
			children = (
				E90741792D7DE4FF00E7599C /* SettingsViewController.swift */,
				E9E2CF692D7F28A6007ABC93 /* SettingsViewModel.swift */,
				E9E2CF672D7F211F007ABC93 /* SettingsCollectionViewCell.swift */,
				E9E2CF6B2D7F2C48007ABC93 /* SettingsModel.swift */,
			);
			path = Settings;
			sourceTree = "<group>";
		};
		E9E2CF702D7F3485007ABC93 /* Login */ = {
			isa = PBXGroup;
			children = (
				E907416F2D7DA49800E7599C /* LoginViewController.swift */,
				E90741712D7DA5D400E7599C /* LoginViewModel.swift */,
			);
			path = Login;
			sourceTree = "<group>";
		};
		E9E2CF712D7F348E007ABC93 /* SignUp */ = {
			isa = PBXGroup;
			children = (
				E90741752D7DB60700E7599C /* SignUpViewController.swift */,
				E9B3E3D32E1D619E0097A5BE /* EULAModalViewController.swift */,
				E950A8D62DD4E58300928DEB /* SignUpViewModel.swift */,
			);
			path = SignUp;
			sourceTree = "<group>";
		};
/* End PBXGroup section */

/* Begin PBXNativeTarget section */
		E96BE0422E100D8500CE0651 /* OnFocusMac */ = {
			isa = PBXNativeTarget;
			buildConfigurationList = E96BE0512E100D8700CE0651 /* Build configuration list for PBXNativeTarget "OnFocusMac" */;
			buildPhases = (
				E96BE03F2E100D8500CE0651 /* Sources */,
				E96BE0402E100D8500CE0651 /* Frameworks */,
				E96BE0412E100D8500CE0651 /* Resources */,
			);
			buildRules = (
			);
			dependencies = (
			);
			name = OnFocusMac;
			productName = OnFocus;
			productReference = E96BE0432E100D8500CE0651 /* OnFocusMac.app */;
			productType = "com.apple.product-type.application";
		};
		E98B6B592D53C807005012AB /* OnFocus */ = {
			isa = PBXNativeTarget;
			buildConfigurationList = E98B6B6E2D53C80A005012AB /* Build configuration list for PBXNativeTarget "OnFocus" */;
			buildPhases = (
				E98B6B562D53C807005012AB /* Sources */,
				E98B6B572D53C807005012AB /* Frameworks */,
				E98B6B582D53C807005012AB /* Resources */,
			);
			buildRules = (
			);
			dependencies = (
			);
			name = OnFocus;
			packageProductDependencies = (
				E950A8CC2DD2724700928DEB /* FSCalendar */,
				E950A8E72DD5ED4D00928DEB /* FirebaseAuth */,
				E950A8E92DD5ED4D00928DEB /* FirebaseCore */,
				E950A8EB2DD5ED4D00928DEB /* FirebaseFirestore */,
				E950A8FA2DD653D800928DEB /* FirebaseStorage */,
				E94EC5E02DE7597E00F28D21 /* Kingfisher */,
				E90F83D52E030AAA00BE05C0 /* DGCharts */,
				E93EF57B2F4605F900AF352F /* FirebaseDatabase */,
			);
			productName = Test;
			productReference = E98B6B5A2D53C807005012AB /* OnFocus.app */;
			productType = "com.apple.product-type.application";
		};
		E9B3E1AF2E28560A0026F85B /* OnFocusTests */ = {
			isa = PBXNativeTarget;
			buildConfigurationList = E9B3E1B82E28560A0026F85B /* Build configuration list for PBXNativeTarget "OnFocusTests" */;
			buildPhases = (
				E9B3E1AC2E28560A0026F85B /* Sources */,
				E9B3E1AD2E28560A0026F85B /* Frameworks */,
				E9B3E1AE2E28560A0026F85B /* Resources */,
			);
			buildRules = (
			);
			dependencies = (
				E9B3E1B52E28560A0026F85B /* PBXTargetDependency */,
			);
			fileSystemSynchronizedGroups = (
				E9B3E1B12E28560A0026F85B /* OnFocusTests */,
			);
			name = OnFocusTests;
			packageProductDependencies = (
			);
			productName = OnFocusTests;
			productReference = E9B3E1B02E28560A0026F85B /* OnFocusTests.xctest */;
			productType = "com.apple.product-type.bundle.unit-test";
		};
/* End PBXNativeTarget section */

/* Begin PBXProject section */
		E98B6B522D53C807005012AB /* Project object */ = {
			isa = PBXProject;
			attributes = {
				BuildIndependentTargetsInParallel = 1;
				LastSwiftUpdateCheck = 1640;
				LastUpgradeCheck = 1530;
				TargetAttributes = {
					E96BE0422E100D8500CE0651 = {
						CreatedOnToolsVersion = 15.3;
					};
					E98B6B592D53C807005012AB = {
						CreatedOnToolsVersion = 15.3;
					};
					E9B3E1AF2E28560A0026F85B = {
						CreatedOnToolsVersion = 16.4;
						TestTargetID = E98B6B592D53C807005012AB;
					};
				};
			};
			buildConfigurationList = E98B6B552D53C807005012AB /* Build configuration list for PBXProject "OnFocus" */;
			compatibilityVersion = "Xcode 14.0";
			developmentRegion = en;
			hasScannedForEncodings = 0;
			knownRegions = (
				en,
				Base,
				tr,
			);
			mainGroup = E98B6B512D53C807005012AB;
			packageReferences = (
				E950A8CB2DD2724700928DEB /* XCRemoteSwiftPackageReference "FSCalendar" */,
				E950A8E62DD5ED4D00928DEB /* XCRemoteSwiftPackageReference "firebase-ios-sdk" */,
				E94EC5DF2DE7597E00F28D21 /* XCRemoteSwiftPackageReference "Kingfisher" */,
				E90F83D42E030AAA00BE05C0 /* XCRemoteSwiftPackageReference "Charts" */,
			);
			productRefGroup = E98B6B5B2D53C807005012AB /* Products */;
			projectDirPath = "";
			projectRoot = "";
			targets = (
				E98B6B592D53C807005012AB /* OnFocus */,
				E96BE0422E100D8500CE0651 /* OnFocusMac */,
				E9B3E1AF2E28560A0026F85B /* OnFocusTests */,
			);
		};
/* End PBXProject section */

/* Begin PBXResourcesBuildPhase section */
		E96BE0412E100D8500CE0651 /* Resources */ = {
			isa = PBXResourcesBuildPhase;
			buildActionMask = 2147483647;
			files = (
				E96BE04A2E100D8700CE0651 /* Assets.xcassets in Resources */,
				E96BE04D2E100D8700CE0651 /* Base in Resources */,
				E96BE0562E100EAC00CE0651 /* GoogleService-Info.plist in Resources */,
			);
			runOnlyForDeploymentPostprocessing = 0;
		};
		E98B6B582D53C807005012AB /* Resources */ = {
			isa = PBXResourcesBuildPhase;
			buildActionMask = 2147483647;
			files = (
				E9B6997A2DDD05F7006B05E4 /* Config.plist in Resources */,
				E9B3E3D62E1D61CA0097A5BE /* EULA.html in Resources */,
				E98B6B672D53C809005012AB /* Assets.xcassets in Resources */,
				E911B0262F45E2BD00A694A8 /* Localizable.strings in Resources */,
				E96BE0552E100EAC00CE0651 /* GoogleService-Info.plist in Resources */,
				E911B0292F45E2C600A694A8 /* Localizable.strings in Resources */,
				E98B6B6A2D53C80A005012AB /* Base in Resources */,
				E9B6997C2DDD0628006B05E4 /* SampleConfig.plist in Resources */,
			);
			runOnlyForDeploymentPostprocessing = 0;
		};
		E9B3E1AE2E28560A0026F85B /* Resources */ = {
			isa = PBXResourcesBuildPhase;
			buildActionMask = 2147483647;
			files = (
			);
			runOnlyForDeploymentPostprocessing = 0;
		};
/* End PBXResourcesBuildPhase section */

/* Begin PBXSourcesBuildPhase section */
		E96BE03F2E100D8500CE0651 /* Sources */ = {
			isa = PBXSourcesBuildPhase;
			buildActionMask = 2147483647;
			files = (
				E96BE0482E100D8500CE0651 /* ViewController.swift in Sources */,
				E96BE0462E100D8500CE0651 /* AppDelegate.swift in Sources */,
			);
			runOnlyForDeploymentPostprocessing = 0;
		};
		E98B6B562D53C807005012AB /* Sources */ = {
			isa = PBXSourcesBuildPhase;
			buildActionMask = 2147483647;
			files = (
				E90741702D7DA49800E7599C /* LoginViewController.swift in Sources */,
				E90741782D7DBCA700E7599C /* Constants.swift in Sources */,
				E95460C82DDA0B0C00BB7365 /* SessionModel.swift in Sources */,
				E95460D72DDA7B7C00BB7365 /* FetchTimeRangeType.swift in Sources */,
				E965182B2E02D20F00865163 /* EndpointHelpers.swift in Sources */,
				E92681DC2DA9842A00138259 /* ProfileViewController.swift in Sources */,
				E95460D02DDA1EDC00BB7365 /* UIViewExtension.swift in Sources */,
				E9A6F1862DD7ECA400016F4C /* ProfileVewModel.swift in Sources */,
				E9B3E3D42E1D619E0097A5BE /* EULAModalViewController.swift in Sources */,
				E95460D42DDA1F0600BB7365 /* DateFormatterExtension.swift in Sources */,
				E98B6B622D53C807005012AB /* HomeViewController.swift in Sources */,
				E9DE97862DB7D1E100832C8B /* NotificationsViewController.swift in Sources */,
				E95460D22DDA1EF100BB7365 /* UIColorExtension.swift in Sources */,
				E94EC5DE2DE6157E00F28D21 /* ProfileModel.swift in Sources */,
				E9DC7BCE2DB537A0002BFFF4 /* BottomSheetViewController.swift in Sources */,
				E9E2CF682D7F211F007ABC93 /* SettingsCollectionViewCell.swift in Sources */,
				E950A8CF2DD27DD400928DEB /* StreakCalendarCell.swift in Sources */,
				E93EF5D22F49CDAD00AF352F /* Notifications.swift in Sources */,
				E9DE97882DB7D2E600832C8B /* NotificationsCollectionViewCell.swift in Sources */,
				E950A9152DD73F5100928DEB /* NetworkConstants.swift in Sources */,
				E950A9002DD72A8A00928DEB /* NetworkManager.swift in Sources */,
				E96ACACE2DFCBA4B00E1C191 /* LeaderboardBottomSheetCollectionViewCell.swift in Sources */,
				E98B6B5E2D53C807005012AB /* AppDelegate.swift in Sources */,
				E90741762D7DB60700E7599C /* SignUpViewController.swift in Sources */,
				E90741722D7DA5D400E7599C /* LoginViewModel.swift in Sources */,
				E93EF5D42F4C7A2600AF352F /* NetworkMonitor.swift in Sources */,
				E9EE06922DF9BEEF0020C56A /* LeaderboardViewModel.swift in Sources */,
				E95460CE2DDA1E2800BB7365 /* TimerService+Helpers.swift in Sources */,
				E94923CD2DF30A060025A7F3 /* FriendshipModel.swift in Sources */,
				E9A6F1842DD76CA300016F4C /* FillProfileViewModel.swift in Sources */,
				E93EF5D02F49CDAA00AF352F /* PendingSessionStore.swift in Sources */,
				E93503E82DF8D274009D621D /* ArrayExtension.swift in Sources */,
				E950A8D72DD4E58400928DEB /* SignUpViewModel.swift in Sources */,
				E9DE978B2DB7DACA00832C8B /* StatisticsViewController.swift in Sources */,
				E93503E62DF871AB009D621D /* DIContainer.swift in Sources */,
				E950A91B2DD7418B00928DEB /* ProfileImageResponse.swift in Sources */,
				E950A8F72DD6505300928DEB /* ProfileService.swift in Sources */,
				E94923C72DF238AD0025A7F3 /* ProfileCell.swift in Sources */,
				E96ACAD22DFDAEEB00E1C191 /* DateExtension.swift in Sources */,
				E9FF40692D93272400FE25F0 /* FillProfileViewController.swift in Sources */,
				E98B6B602D53C807005012AB /* SceneDelegate.swift in Sources */,
				E9B3E1F82E2991C90026F85B /* VersionService.swift in Sources */,
				E95460CC2DDA0B4F00BB7365 /* StatisticsModel.swift in Sources */,
				E94923C92DF23AB90025A7F3 /* ProfileSearchViewModel.swift in Sources */,
				E94923DB2DF31F9C0025A7F3 /* FriendsService.swift in Sources */,
				E95460D92DDA7BEF00BB7365 /* TimeRangeEnum.swift in Sources */,
				E90741742D7DA9A200E7599C /* UITextFieldExtension.swift in Sources */,
				E93EF5D62F4C7E4C00AF352F /* TimekeeperAutoSaveKeys.swift in Sources */,
				E9EA79422D94331D00533B85 /* HomePersonCollectionViewCell.swift in Sources */,
				E965182D2E02D27400865163 /* ImageUploadEndpoint.swift in Sources */,
				E9D058242D75F76E0003484C /* HomeViewModel.swift in Sources */,
				E94923D32DF310F70025A7F3 /* UIViewControllerExtension.swift in Sources */,
				E9EE06942DF9C2EA0020C56A /* LeaderboardService.swift in Sources */,
				E911B02C2F45E2DE00A694A8 /* L10n.swift in Sources */,
				E93F1FEC2DDA947B00966661 /* StatisticsViewModel.swift in Sources */,
				E9CBD3F92DBA642300DF9A09 /* ProfileSearchViewController.swift in Sources */,
				E96ACAD42DFF261900E1C191 /* Timestamp Extension.swift in Sources */,
				E907417A2D7DE4FF00E7599C /* SettingsViewController.swift in Sources */,
				E9E2CF6C2D7F2C48007ABC93 /* SettingsModel.swift in Sources */,
				E93503BE2DF8533A009D621D /* PresenceService.swift in Sources */,
				E94923D12DF30F930025A7F3 /* AlertMessageModel.swift in Sources */,
				E9DC7BCC2DB532AF002BFFF4 /* LeaderboardViewController.swift in Sources */,
				E9E2CF6A2D7F28A6007ABC93 /* SettingsViewModel.swift in Sources */,
				E9DE978D2DB7E33500832C8B /* BalloonMarker.swift in Sources */,
				E94923D72DF31D520025A7F3 /* NotificationModel.swift in Sources */,
				E95460C62DDA09BE00BB7365 /* TimerService.swift in Sources */,
				E950A8DA2DD4EB3000928DEB /* AuthService.swift in Sources */,
				E950A8F32DD6131700928DEB /* MainTabBarBuilder.swift in Sources */,
				E94923D52DF31D380025A7F3 /* NotificationsViewModel.swift in Sources */,
			);
			runOnlyForDeploymentPostprocessing = 0;
		};
		E9B3E1AC2E28560A0026F85B /* Sources */ = {
			isa = PBXSourcesBuildPhase;
			buildActionMask = 2147483647;
			files = (
			);
			runOnlyForDeploymentPostprocessing = 0;
		};
/* End PBXSourcesBuildPhase section */

/* Begin PBXTargetDependency section */
		E9B3E1B52E28560A0026F85B /* PBXTargetDependency */ = {
			isa = PBXTargetDependency;
			target = E98B6B592D53C807005012AB /* OnFocus */;
			targetProxy = E9B3E1B42E28560A0026F85B /* PBXContainerItemProxy */;
		};
/* End PBXTargetDependency section */

/* Begin PBXVariantGroup section */
		E911B0242F45E2BD00A694A8 /* Localizable.strings */ = {
			isa = PBXVariantGroup;
			children = (
				E911B0252F45E2BD00A694A8 /* en */,
			);
			name = Localizable.strings;
			sourceTree = "<group>";
		};
		E911B0272F45E2C600A694A8 /* Localizable.strings */ = {
			isa = PBXVariantGroup;
			children = (
				E911B0282F45E2C600A694A8 /* tr */,
			);
			name = Localizable.strings;
			sourceTree = "<group>";
		};
		E96BE04B2E100D8700CE0651 /* Main.storyboard */ = {
			isa = PBXVariantGroup;
			children = (
				E96BE04C2E100D8700CE0651 /* Base */,
			);
			name = Main.storyboard;
			sourceTree = "<group>";
		};
		E98B6B682D53C80A005012AB /* LaunchScreen.storyboard */ = {
			isa = PBXVariantGroup;
			children = (
				E98B6B692D53C80A005012AB /* Base */,
			);
			name = LaunchScreen.storyboard;
			sourceTree = "<group>";
		};
/* End PBXVariantGroup section */

/* Begin XCBuildConfiguration section */
		E96BE04F2E100D8700CE0651 /* Debug */ = {
			isa = XCBuildConfiguration;
			buildSettings = {
				ASSETCATALOG_COMPILER_APPICON_NAME = AppIcon;
				ASSETCATALOG_COMPILER_GLOBAL_ACCENT_COLOR_NAME = AccentColor;
				CODE_SIGN_ENTITLEMENTS = OnFocus/OnFocus.entitlements;
				CODE_SIGN_STYLE = Automatic;
				COMBINE_HIDPI_IMAGES = YES;
				CURRENT_PROJECT_VERSION = 1;
				DEVELOPMENT_TEAM = 9W5Z8G2RNJ;
				ENABLE_HARDENED_RUNTIME = YES;
				GENERATE_INFOPLIST_FILE = YES;
				INFOPLIST_KEY_NSHumanReadableCopyright = "";
				INFOPLIST_KEY_NSMainStoryboardFile = Main;
				INFOPLIST_KEY_NSPrincipalClass = NSApplication;
				LD_RUNPATH_SEARCH_PATHS = (
					"$(inherited)",
					"@executable_path/../Frameworks",
				);
				MACOSX_DEPLOYMENT_TARGET = 14.4;
				MARKETING_VERSION = 1.0;
				PRODUCT_BUNDLE_IDENTIFIER = com.abdulkadiroruc.OnFocus;
				PRODUCT_NAME = "$(TARGET_NAME)";
				SDKROOT = macosx;
				SWIFT_EMIT_LOC_STRINGS = YES;
				SWIFT_VERSION = 5.0;
			};
			name = Debug;
		};
		E96BE0502E100D8700CE0651 /* Release */ = {
			isa = XCBuildConfiguration;
			buildSettings = {
				ASSETCATALOG_COMPILER_APPICON_NAME = AppIcon;
				ASSETCATALOG_COMPILER_GLOBAL_ACCENT_COLOR_NAME = AccentColor;
				CODE_SIGN_ENTITLEMENTS = OnFocus/OnFocus.entitlements;
				CODE_SIGN_STYLE = Automatic;
				COMBINE_HIDPI_IMAGES = YES;
				CURRENT_PROJECT_VERSION = 1;
				DEVELOPMENT_TEAM = 9W5Z8G2RNJ;
				ENABLE_HARDENED_RUNTIME = YES;
				GENERATE_INFOPLIST_FILE = YES;
				INFOPLIST_KEY_NSHumanReadableCopyright = "";
				INFOPLIST_KEY_NSMainStoryboardFile = Main;
				INFOPLIST_KEY_NSPrincipalClass = NSApplication;
				LD_RUNPATH_SEARCH_PATHS = (
					"$(inherited)",
					"@executable_path/../Frameworks",
				);
				MACOSX_DEPLOYMENT_TARGET = 14.4;
				MARKETING_VERSION = 1.0;
				PRODUCT_BUNDLE_IDENTIFIER = com.abdulkadiroruc.OnFocus;
				PRODUCT_NAME = "$(TARGET_NAME)";
				SDKROOT = macosx;
				SWIFT_EMIT_LOC_STRINGS = YES;
				SWIFT_VERSION = 5.0;
			};
			name = Release;
		};
		E98B6B6C2D53C80A005012AB /* Debug */ = {
			isa = XCBuildConfiguration;
			buildSettings = {
				ALWAYS_SEARCH_USER_PATHS = NO;
				ASSETCATALOG_COMPILER_GENERATE_SWIFT_ASSET_SYMBOL_EXTENSIONS = YES;
				CLANG_ANALYZER_NONNULL = YES;
				CLANG_ANALYZER_NUMBER_OBJECT_CONVERSION = YES_AGGRESSIVE;
				CLANG_CXX_LANGUAGE_STANDARD = "gnu++20";
				CLANG_ENABLE_MODULES = YES;
				CLANG_ENABLE_OBJC_ARC = YES;
				CLANG_ENABLE_OBJC_WEAK = YES;
				CLANG_WARN_BLOCK_CAPTURE_AUTORELEASING = YES;
				CLANG_WARN_BOOL_CONVERSION = YES;
				CLANG_WARN_COMMA = YES;
				CLANG_WARN_CONSTANT_CONVERSION = YES;
				CLANG_WARN_DEPRECATED_OBJC_IMPLEMENTATIONS = YES;
				CLANG_WARN_DIRECT_OBJC_ISA_USAGE = YES_ERROR;
				CLANG_WARN_DOCUMENTATION_COMMENTS = YES;
				CLANG_WARN_EMPTY_BODY = YES;
				CLANG_WARN_ENUM_CONVERSION = YES;
				CLANG_WARN_INFINITE_RECURSION = YES;
				CLANG_WARN_INT_CONVERSION = YES;
				CLANG_WARN_NON_LITERAL_NULL_CONVERSION = YES;
				CLANG_WARN_OBJC_IMPLICIT_RETAIN_SELF = YES;
				CLANG_WARN_OBJC_LITERAL_CONVERSION = YES;
				CLANG_WARN_OBJC_ROOT_CLASS = YES_ERROR;
				CLANG_WARN_QUOTED_INCLUDE_IN_FRAMEWORK_HEADER = YES;
				CLANG_WARN_RANGE_LOOP_ANALYSIS = YES;
				CLANG_WARN_STRICT_PROTOTYPES = YES;
				CLANG_WARN_SUSPICIOUS_MOVE = YES;
				CLANG_WARN_UNGUARDED_AVAILABILITY = YES_AGGRESSIVE;
				CLANG_WARN_UNREACHABLE_CODE = YES;
				CLANG_WARN__DUPLICATE_METHOD_MATCH = YES;
				COPY_PHASE_STRIP = NO;
				DEBUG_INFORMATION_FORMAT = "dwarf-with-dsym";
				ENABLE_STRICT_OBJC_MSGSEND = YES;
				ENABLE_TESTABILITY = YES;
				ENABLE_USER_SCRIPT_SANDBOXING = YES;
				GCC_C_LANGUAGE_STANDARD = gnu17;
				GCC_DYNAMIC_NO_PIC = NO;
				GCC_NO_COMMON_BLOCKS = YES;
				GCC_OPTIMIZATION_LEVEL = 0;
				GCC_PREPROCESSOR_DEFINITIONS = (
					"DEBUG=1",
					"$(inherited)",
				);
				GCC_WARN_64_TO_32_BIT_CONVERSION = YES;
				GCC_WARN_ABOUT_RETURN_TYPE = YES_ERROR;
				GCC_WARN_UNDECLARED_SELECTOR = YES;
				GCC_WARN_UNINITIALIZED_AUTOS = YES_AGGRESSIVE;
				GCC_WARN_UNUSED_FUNCTION = YES;
				GCC_WARN_UNUSED_VARIABLE = YES;
				IPHONEOS_DEPLOYMENT_TARGET = 12;
				LOCALIZATION_PREFERS_STRING_CATALOGS = YES;
				MTL_ENABLE_DEBUG_INFO = INCLUDE_SOURCE;
				MTL_FAST_MATH = YES;
				ONLY_ACTIVE_ARCH = YES;
				SDKROOT = iphoneos;
				SWIFT_ACTIVE_COMPILATION_CONDITIONS = "DEBUG $(inherited)";
				SWIFT_OPTIMIZATION_LEVEL = "-Onone";
			};
			name = Debug;
		};
		E98B6B6D2D53C80A005012AB /* Release */ = {
			isa = XCBuildConfiguration;
			buildSettings = {
				ALWAYS_SEARCH_USER_PATHS = NO;
				ASSETCATALOG_COMPILER_GENERATE_SWIFT_ASSET_SYMBOL_EXTENSIONS = YES;
				CLANG_ANALYZER_NONNULL = YES;
				CLANG_ANALYZER_NUMBER_OBJECT_CONVERSION = YES_AGGRESSIVE;
				CLANG_CXX_LANGUAGE_STANDARD = "gnu++20";
				CLANG_ENABLE_MODULES = YES;
				CLANG_ENABLE_OBJC_ARC = YES;
				CLANG_ENABLE_OBJC_WEAK = YES;
				CLANG_WARN_BLOCK_CAPTURE_AUTORELEASING = YES;
				CLANG_WARN_BOOL_CONVERSION = YES;
				CLANG_WARN_COMMA = YES;
				CLANG_WARN_CONSTANT_CONVERSION = YES;
				CLANG_WARN_DEPRECATED_OBJC_IMPLEMENTATIONS = YES;
				CLANG_WARN_DIRECT_OBJC_ISA_USAGE = YES_ERROR;
				CLANG_WARN_DOCUMENTATION_COMMENTS = YES;
				CLANG_WARN_EMPTY_BODY = YES;
				CLANG_WARN_ENUM_CONVERSION = YES;
				CLANG_WARN_INFINITE_RECURSION = YES;
				CLANG_WARN_INT_CONVERSION = YES;
				CLANG_WARN_NON_LITERAL_NULL_CONVERSION = YES;
				CLANG_WARN_OBJC_IMPLICIT_RETAIN_SELF = YES;
				CLANG_WARN_OBJC_LITERAL_CONVERSION = YES;
				CLANG_WARN_OBJC_ROOT_CLASS = YES_ERROR;
				CLANG_WARN_QUOTED_INCLUDE_IN_FRAMEWORK_HEADER = YES;
				CLANG_WARN_RANGE_LOOP_ANALYSIS = YES;
				CLANG_WARN_STRICT_PROTOTYPES = YES;
				CLANG_WARN_SUSPICIOUS_MOVE = YES;
				CLANG_WARN_UNGUARDED_AVAILABILITY = YES_AGGRESSIVE;
				CLANG_WARN_UNREACHABLE_CODE = YES;
				CLANG_WARN__DUPLICATE_METHOD_MATCH = YES;
				COPY_PHASE_STRIP = NO;
				DEBUG_INFORMATION_FORMAT = "dwarf-with-dsym";
				ENABLE_NS_ASSERTIONS = NO;
				ENABLE_STRICT_OBJC_MSGSEND = YES;
				ENABLE_USER_SCRIPT_SANDBOXING = YES;
				GCC_C_LANGUAGE_STANDARD = gnu17;
				GCC_NO_COMMON_BLOCKS = YES;
				GCC_WARN_64_TO_32_BIT_CONVERSION = YES;
				GCC_WARN_ABOUT_RETURN_TYPE = YES_ERROR;
				GCC_WARN_UNDECLARED_SELECTOR = YES;
				GCC_WARN_UNINITIALIZED_AUTOS = YES_AGGRESSIVE;
				GCC_WARN_UNUSED_FUNCTION = YES;
				GCC_WARN_UNUSED_VARIABLE = YES;
				IPHONEOS_DEPLOYMENT_TARGET = 12;
				LOCALIZATION_PREFERS_STRING_CATALOGS = YES;
				MTL_ENABLE_DEBUG_INFO = NO;
				MTL_FAST_MATH = YES;
				SDKROOT = iphoneos;
				SWIFT_COMPILATION_MODE = wholemodule;
				VALIDATE_PRODUCT = YES;
			};
			name = Release;
		};
		E98B6B6F2D53C80A005012AB /* Debug */ = {
			isa = XCBuildConfiguration;
			buildSettings = {
				ASSETCATALOG_COMPILER_APPICON_NAME = AppIcon;
				ASSETCATALOG_COMPILER_GLOBAL_ACCENT_COLOR_NAME = AccentColor;
				CODE_SIGN_STYLE = Automatic;
				CURRENT_PROJECT_VERSION = 1;
				DEVELOPMENT_TEAM = 9W5Z8G2RNJ;
				GENERATE_INFOPLIST_FILE = YES;
				INFOPLIST_FILE = OnFocus/Info.plist;
				INFOPLIST_KEY_NSPhotoLibraryUsageDescription = "We need to access your photo library.";
				INFOPLIST_KEY_UIApplicationSupportsIndirectInputEvents = YES;
				INFOPLIST_KEY_UILaunchStoryboardName = LaunchScreen;
				INFOPLIST_KEY_UIStatusBarStyle = "";
				INFOPLIST_KEY_UISupportedInterfaceOrientations = UIInterfaceOrientationPortrait;
				INFOPLIST_KEY_UIUserInterfaceStyle = Light;
				IPHONEOS_DEPLOYMENT_TARGET = 16;
				LD_RUNPATH_SEARCH_PATHS = (
					"$(inherited)",
					"@executable_path/Frameworks",
				);
				MARKETING_VERSION = 1.2.2;
				PRODUCT_BUNDLE_IDENTIFIER = com.abdulkadiroruc.OnFocus;
				PRODUCT_NAME = "$(TARGET_NAME)";
				SUPPORTED_PLATFORMS = "iphoneos iphonesimulator";
				SUPPORTS_MACCATALYST = NO;
				SUPPORTS_XR_DESIGNED_FOR_IPHONE_IPAD = NO;
				SWIFT_EMIT_LOC_STRINGS = YES;
				SWIFT_VERSION = 5.0;
				TARGETED_DEVICE_FAMILY = 1;
			};
			name = Debug;
		};
		E98B6B702D53C80A005012AB /* Release */ = {
			isa = XCBuildConfiguration;
			buildSettings = {
				ASSETCATALOG_COMPILER_APPICON_NAME = AppIcon;
				ASSETCATALOG_COMPILER_GLOBAL_ACCENT_COLOR_NAME = AccentColor;
				CODE_SIGN_STYLE = Automatic;
				CURRENT_PROJECT_VERSION = 1;
				DEVELOPMENT_TEAM = 9W5Z8G2RNJ;
				GENERATE_INFOPLIST_FILE = YES;
				INFOPLIST_FILE = OnFocus/Info.plist;
				INFOPLIST_KEY_NSPhotoLibraryUsageDescription = "We need to access your photo library.";
				INFOPLIST_KEY_UIApplicationSupportsIndirectInputEvents = YES;
				INFOPLIST_KEY_UILaunchStoryboardName = LaunchScreen;
				INFOPLIST_KEY_UIStatusBarStyle = "";
				INFOPLIST_KEY_UISupportedInterfaceOrientations = UIInterfaceOrientationPortrait;
				INFOPLIST_KEY_UIUserInterfaceStyle = Light;
				IPHONEOS_DEPLOYMENT_TARGET = 16;
				LD_RUNPATH_SEARCH_PATHS = (
					"$(inherited)",
					"@executable_path/Frameworks",
				);
				MARKETING_VERSION = 1.2.2;
				PRODUCT_BUNDLE_IDENTIFIER = com.abdulkadiroruc.OnFocus;
				PRODUCT_NAME = "$(TARGET_NAME)";
				SUPPORTED_PLATFORMS = "iphoneos iphonesimulator";
				SUPPORTS_MACCATALYST = NO;
				SUPPORTS_XR_DESIGNED_FOR_IPHONE_IPAD = NO;
				SWIFT_EMIT_LOC_STRINGS = YES;
				SWIFT_VERSION = 5.0;
				TARGETED_DEVICE_FAMILY = 1;
			};
			name = Release;
		};
		E9B3E1B62E28560A0026F85B /* Debug */ = {
			isa = XCBuildConfiguration;
			buildSettings = {
				BUNDLE_LOADER = "$(TEST_HOST)";
				CODE_SIGN_STYLE = Automatic;
				CURRENT_PROJECT_VERSION = 1;
				DEBUG_INFORMATION_FORMAT = dwarf;
				DEVELOPMENT_TEAM = 9W5Z8G2RNJ;
				GENERATE_INFOPLIST_FILE = YES;
				IPHONEOS_DEPLOYMENT_TARGET = 18.5;
				MARKETING_VERSION = 1.0;
				PRODUCT_BUNDLE_IDENTIFIER = com.abdulkadiroruc.OnFocusTests;
				PRODUCT_NAME = "$(TARGET_NAME)";
				SWIFT_EMIT_LOC_STRINGS = NO;
				SWIFT_VERSION = 5.0;
				TARGETED_DEVICE_FAMILY = "1,2";
				TEST_HOST = "$(BUILT_PRODUCTS_DIR)/OnFocus.app/$(BUNDLE_EXECUTABLE_FOLDER_PATH)/OnFocus";
			};
			name = Debug;
		};
		E9B3E1B72E28560A0026F85B /* Release */ = {
			isa = XCBuildConfiguration;
			buildSettings = {
				BUNDLE_LOADER = "$(TEST_HOST)";
				CODE_SIGN_STYLE = Automatic;
				CURRENT_PROJECT_VERSION = 1;
				DEVELOPMENT_TEAM = 9W5Z8G2RNJ;
				GENERATE_INFOPLIST_FILE = YES;
				IPHONEOS_DEPLOYMENT_TARGET = 18.5;
				MARKETING_VERSION = 1.0;
				PRODUCT_BUNDLE_IDENTIFIER = com.abdulkadiroruc.OnFocusTests;
				PRODUCT_NAME = "$(TARGET_NAME)";
				SWIFT_EMIT_LOC_STRINGS = NO;
				SWIFT_VERSION = 5.0;
				TARGETED_DEVICE_FAMILY = "1,2";
				TEST_HOST = "$(BUILT_PRODUCTS_DIR)/OnFocus.app/$(BUNDLE_EXECUTABLE_FOLDER_PATH)/OnFocus";
			};
			name = Release;
		};
/* End XCBuildConfiguration section */

/* Begin XCConfigurationList section */
		E96BE0512E100D8700CE0651 /* Build configuration list for PBXNativeTarget "OnFocusMac" */ = {
			isa = XCConfigurationList;
			buildConfigurations = (
				E96BE04F2E100D8700CE0651 /* Debug */,
				E96BE0502E100D8700CE0651 /* Release */,
			);
			defaultConfigurationIsVisible = 0;
			defaultConfigurationName = Release;
		};
		E98B6B552D53C807005012AB /* Build configuration list for PBXProject "OnFocus" */ = {
			isa = XCConfigurationList;
			buildConfigurations = (
				E98B6B6C2D53C80A005012AB /* Debug */,
				E98B6B6D2D53C80A005012AB /* Release */,
			);
			defaultConfigurationIsVisible = 0;
			defaultConfigurationName = Release;
		};
		E98B6B6E2D53C80A005012AB /* Build configuration list for PBXNativeTarget "OnFocus" */ = {
			isa = XCConfigurationList;
			buildConfigurations = (
				E98B6B6F2D53C80A005012AB /* Debug */,
				E98B6B702D53C80A005012AB /* Release */,
			);
			defaultConfigurationIsVisible = 0;
			defaultConfigurationName = Release;
		};
		E9B3E1B82E28560A0026F85B /* Build configuration list for PBXNativeTarget "OnFocusTests" */ = {
			isa = XCConfigurationList;
			buildConfigurations = (
				E9B3E1B62E28560A0026F85B /* Debug */,
				E9B3E1B72E28560A0026F85B /* Release */,
			);
			defaultConfigurationIsVisible = 0;
			defaultConfigurationName = Release;
		};
/* End XCConfigurationList section */

/* Begin XCRemoteSwiftPackageReference section */
		E90F83D42E030AAA00BE05C0 /* XCRemoteSwiftPackageReference "Charts" */ = {
			isa = XCRemoteSwiftPackageReference;
			repositoryURL = "https://github.com/danielgindi/Charts";
			requirement = {
				kind = upToNextMajorVersion;
				minimumVersion = 5.1.0;
			};
		};
		E94EC5DF2DE7597E00F28D21 /* XCRemoteSwiftPackageReference "Kingfisher" */ = {
			isa = XCRemoteSwiftPackageReference;
			repositoryURL = "https://github.com/onevcat/Kingfisher.git";
			requirement = {
				kind = upToNextMajorVersion;
				minimumVersion = 8.3.2;
			};
		};
		E950A8CB2DD2724700928DEB /* XCRemoteSwiftPackageReference "FSCalendar" */ = {
			isa = XCRemoteSwiftPackageReference;
			repositoryURL = "https://github.com/WenchaoD/FSCalendar";
			requirement = {
				kind = upToNextMajorVersion;
				minimumVersion = 2.8.4;
			};
		};
		E950A8E62DD5ED4D00928DEB /* XCRemoteSwiftPackageReference "firebase-ios-sdk" */ = {
			isa = XCRemoteSwiftPackageReference;
			repositoryURL = "https://github.com/firebase/firebase-ios-sdk";
			requirement = {
				kind = exactVersion;
				version = 11.11.0;
			};
		};
/* End XCRemoteSwiftPackageReference section */

/* Begin XCSwiftPackageProductDependency section */
		E90F83D52E030AAA00BE05C0 /* DGCharts */ = {
			isa = XCSwiftPackageProductDependency;
			package = E90F83D42E030AAA00BE05C0 /* XCRemoteSwiftPackageReference "Charts" */;
			productName = DGCharts;
		};
		E93EF57B2F4605F900AF352F /* FirebaseDatabase */ = {
			isa = XCSwiftPackageProductDependency;
			package = E950A8E62DD5ED4D00928DEB /* XCRemoteSwiftPackageReference "firebase-ios-sdk" */;
			productName = FirebaseDatabase;
		};
		E94EC5E02DE7597E00F28D21 /* Kingfisher */ = {
			isa = XCSwiftPackageProductDependency;
			package = E94EC5DF2DE7597E00F28D21 /* XCRemoteSwiftPackageReference "Kingfisher" */;
			productName = Kingfisher;
		};
		E950A8CC2DD2724700928DEB /* FSCalendar */ = {
			isa = XCSwiftPackageProductDependency;
			package = E950A8CB2DD2724700928DEB /* XCRemoteSwiftPackageReference "FSCalendar" */;
			productName = FSCalendar;
		};
		E950A8E72DD5ED4D00928DEB /* FirebaseAuth */ = {
			isa = XCSwiftPackageProductDependency;
			package = E950A8E62DD5ED4D00928DEB /* XCRemoteSwiftPackageReference "firebase-ios-sdk" */;
			productName = FirebaseAuth;
		};
		E950A8E92DD5ED4D00928DEB /* FirebaseCore */ = {
			isa = XCSwiftPackageProductDependency;
			package = E950A8E62DD5ED4D00928DEB /* XCRemoteSwiftPackageReference "firebase-ios-sdk" */;
			productName = FirebaseCore;
		};
		E950A8EB2DD5ED4D00928DEB /* FirebaseFirestore */ = {
			isa = XCSwiftPackageProductDependency;
			package = E950A8E62DD5ED4D00928DEB /* XCRemoteSwiftPackageReference "firebase-ios-sdk" */;
			productName = FirebaseFirestore;
		};
		E950A8FA2DD653D800928DEB /* FirebaseStorage */ = {
			isa = XCSwiftPackageProductDependency;
			package = E950A8E62DD5ED4D00928DEB /* XCRemoteSwiftPackageReference "firebase-ios-sdk" */;
			productName = FirebaseStorage;
		};
/* End XCSwiftPackageProductDependency section */
	};
	rootObject = E98B6B522D53C807005012AB /* Project object */;
}
